{
  "version": 4,
  "terraform_version": "1.8.0",
  "serial": 188,
  "lineage": "551d3a44-5c67-2f0f-bd51-e1df9d253e34",
  "outputs": {
    "apiUrlGet": {
      "value": "https://v7hjhcn0ej.execute-api.us-east-2.amazonaws.com/users/profile/{uuid}",
      "type": "string"
    },
    "apiUrlLogin": {
      "value": "https://akhmew3pv1.execute-api.us-east-2.amazonaws.com/users/login",
      "type": "string"
    },
    "apiUrlRegister": {
      "value": "https://sdamtp8yo3.execute-api.us-east-2.amazonaws.com/users/register",
      "type": "string"
    },
    "apiUrlUpdate": {
      "value": "https://dppejwy8a1.execute-api.us-east-2.amazonaws.com/users/profile/{uuid}",
      "type": "string"
    },
    "apiUrlUpload": {
      "value": "https://liuisg70kg.execute-api.us-east-2.amazonaws.com/users/profile/{uuid}/avatar",
      "type": "string"
    }
  },
  "resources": [
    {
      "mode": "data",
      "type": "archive_file",
      "name": "lambda_user_create_file",
      "provider": "provider[\"registry.terraform.io/hashicorp/archive\"]",
      "instances": [
        {
          "schema_version": 0,
          "attributes": {
            "exclude_symlink_directories": null,
            "excludes": null,
            "id": "1378402ce11e1ceba050bbd0dc4501a51b28bdff",
            "output_base64sha256": "98nFxJgBL/MYziCpyVs/KAl9kFoAV6adAl77c0wIeiA=",
            "output_base64sha512": "KhxQk51p1ttQnMXPLGmgopeCiVNKEtXcKHaQ/Jp4Ir7G17E+vFH2VK8M/nmx6pJs76DMwAvvwUD+6dSOkVyD7w==",
            "output_file_mode": null,
            "output_md5": "bb77c6775df9c5d7ec55f5c1a5b01249",
            "output_path": "./register-user-lmb.zip",
            "output_sha": "1378402ce11e1ceba050bbd0dc4501a51b28bdff",
            "output_sha256": "f7c9c5c498012ff318ce20a9c95b3f28097d905a0057a69d025efb734c087a20",
            "output_sha512": "2a1c50939d69d6db509cc5cf2c69a0a2978289534a12d5dc287690fc9a7822bec6d7b13ebc51f654af0cfe79b1ea926cefa0ccc00befc140fee9d48e915c83ef",
            "output_size": 36364,
            "source": [],
            "source_content": null,
            "source_content_filename": null,
            "source_dir": null,
            "source_file": "../target/user-service-0.0.1-SNAPSHOT.jar",
            "type": "zip"
          },
          "sensitive_attributes": []
        }
      ]
    },
    {
      "mode": "data",
      "type": "aws_iam_policy_document",
      "name": "assume_role",
      "provider": "provider[\"registry.terraform.io/hashicorp/aws\"]",
      "instances": [
        {
          "schema_version": 0,
          "attributes": {
            "id": "2690255455",
            "json": "{\n  \"Version\": \"2012-10-17\",\n  \"Statement\": [\n    {\n      \"Effect\": \"Allow\",\n      \"Action\": \"sts:AssumeRole\",\n      \"Principal\": {\n        \"Service\": \"lambda.amazonaws.com\"\n      }\n    }\n  ]\n}",
            "minified_json": "{\"Version\":\"2012-10-17\",\"Statement\":[{\"Effect\":\"Allow\",\"Action\":\"sts:AssumeRole\",\"Principal\":{\"Service\":\"lambda.amazonaws.com\"}}]}",
            "override_json": null,
            "override_policy_documents": null,
            "policy_id": null,
            "source_json": null,
            "source_policy_documents": null,
            "statement": [
              {
                "actions": [
                  "sts:AssumeRole"
                ],
                "condition": [],
                "effect": "Allow",
                "not_actions": [],
                "not_principals": [],
                "not_resources": [],
                "principals": [
                  {
                    "identifiers": [
                      "lambda.amazonaws.com"
                    ],
                    "type": "Service"
                  }
                ],
                "resources": [],
                "sid": ""
              }
            ],
            "version": "2012-10-17"
          },
          "sensitive_attributes": []
        }
      ]
    },
    {
      "mode": "data",
      "type": "aws_iam_policy_document",
      "name": "lambda_execution",
      "provider": "provider[\"registry.terraform.io/hashicorp/aws\"]",
      "instances": [
        {
          "schema_version": 0,
          "attributes": {
            "id": "266189595",
            "json": "{\n  \"Version\": \"2012-10-17\",\n  \"Statement\": [\n    {\n      \"Effect\": \"Allow\",\n      \"Action\": \"dynamodb:GetItem\",\n      \"Resource\": \"*\"\n    }\n  ]\n}",
            "minified_json": "{\"Version\":\"2012-10-17\",\"Statement\":[{\"Effect\":\"Allow\",\"Action\":\"dynamodb:GetItem\",\"Resource\":\"*\"}]}",
            "override_json": null,
            "override_policy_documents": null,
            "policy_id": null,
            "source_json": null,
            "source_policy_documents": null,
            "statement": [
              {
                "actions": [
                  "dynamodb:GetItem"
                ],
                "condition": [],
                "effect": "Allow",
                "not_actions": [],
                "not_principals": [],
                "not_resources": [],
                "principals": [],
                "resources": [
                  "*"
                ],
                "sid": ""
              }
            ],
            "version": "2012-10-17"
          },
          "sensitive_attributes": []
        }
      ]
    },
    {
      "mode": "data",
      "type": "aws_iam_policy_document",
      "name": "s3_policy",
      "provider": "provider[\"registry.terraform.io/hashicorp/aws\"]",
      "instances": [
        {
          "schema_version": 0,
          "attributes": {
            "id": "3730575743",
            "json": "{\n  \"Version\": \"2012-10-17\",\n  \"Statement\": [\n    {\n      \"Effect\": \"Allow\",\n      \"Action\": [\n        \"s3:PutObject\",\n        \"s3:GetObject\",\n        \"s3:DeleteObject\"\n      ],\n      \"Resource\": \"arn:aws:s3:::infernoavatarimagebucket/*\"\n    }\n  ]\n}",
            "minified_json": "{\"Version\":\"2012-10-17\",\"Statement\":[{\"Effect\":\"Allow\",\"Action\":[\"s3:PutObject\",\"s3:GetObject\",\"s3:DeleteObject\"],\"Resource\":\"arn:aws:s3:::infernoavatarimagebucket/*\"}]}",
            "override_json": null,
            "override_policy_documents": null,
            "policy_id": null,
            "source_json": null,
            "source_policy_documents": null,
            "statement": [
              {
                "actions": [
                  "s3:DeleteObject",
                  "s3:GetObject",
                  "s3:PutObject"
                ],
                "condition": [],
                "effect": "Allow",
                "not_actions": [],
                "not_principals": [],
                "not_resources": [],
                "principals": [],
                "resources": [
                  "arn:aws:s3:::infernoavatarimagebucket/*"
                ],
                "sid": ""
              }
            ],
            "version": "2012-10-17"
          },
          "sensitive_attributes": []
        }
      ]
    },
    {
      "mode": "managed",
      "type": "aws_api_gateway_deployment",
      "name": "deploymentGetEndpoint",
      "provider": "provider[\"registry.terraform.io/hashicorp/aws\"]",
      "instances": [
        {
          "schema_version": 0,
          "attributes": {
            "created_date": "2025-09-10T04:58:29Z",
            "description": "",
            "id": "q01pfi",
            "region": "us-east-2",
            "rest_api_id": "v7hjhcn0ej",
            "triggers": null,
            "variables": null
          },
          "sensitive_attributes": [],
          "private": "bnVsbA==",
          "dependencies": [
            "aws_api_gateway_integration.IntegrationGetUser",
            "aws_api_gateway_method.MethodGetUser",
            "aws_api_gateway_resource.GetUserResource",
            "aws_api_gateway_resource.UserGetIdResource",
            "aws_api_gateway_rest_api.UserGetApi",
            "aws_iam_role.lambda_role",
            "aws_lambda_function.GetUserProfileLmb",
            "aws_lambda_permission.ApiGwLambdaGetUser",
            "data.aws_iam_policy_document.assume_role",
            "null_resource.lambda_build_trigger"
          ]
        }
      ]
    },
    {
      "mode": "managed",
      "type": "aws_api_gateway_deployment",
      "name": "deploymentLoginEndpoint",
      "provider": "provider[\"registry.terraform.io/hashicorp/aws\"]",
      "instances": [
        {
          "schema_version": 0,
          "attributes": {
            "created_date": "2025-09-10T04:58:39Z",
            "description": "",
            "id": "9k6n30",
            "region": "us-east-2",
            "rest_api_id": "akhmew3pv1",
            "triggers": null,
            "variables": null
          },
          "sensitive_attributes": [],
          "private": "bnVsbA==",
          "dependencies": [
            "aws_api_gateway_integration.IntegrationPostLoginUser",
            "aws_api_gateway_method.PostLoginUser",
            "aws_api_gateway_resource.LoginUserResource",
            "aws_api_gateway_rest_api.UserLoginApi",
            "aws_iam_role.lambda_role",
            "aws_lambda_function.LoginUserLmb",
            "aws_lambda_permission.ApiGwLambdaLoginUser",
            "data.aws_iam_policy_document.assume_role",
            "null_resource.lambda_build_trigger"
          ]
        }
      ]
    },
    {
      "mode": "managed",
      "type": "aws_api_gateway_deployment",
      "name": "deploymentPostUpload",
      "provider": "provider[\"registry.terraform.io/hashicorp/aws\"]",
      "instances": [
        {
          "schema_version": 0,
          "attributes": {
            "created_date": "2025-09-10T04:58:18Z",
            "description": "",
            "id": "04muvj",
            "region": "us-east-2",
            "rest_api_id": "liuisg70kg",
            "triggers": null,
            "variables": null
          },
          "sensitive_attributes": [],
          "private": "bnVsbA==",
          "dependencies": [
            "aws_api_gateway_integration.IntegrationPostUploadUser",
            "aws_api_gateway_method.PostUploadUser",
            "aws_api_gateway_resource.UploadUserResource",
            "aws_api_gateway_resource.UserUploadAvatarResource",
            "aws_api_gateway_resource.UserUploadIdResource",
            "aws_api_gateway_rest_api.UserUploadApi",
            "aws_iam_role.lambda_role",
            "aws_lambda_function.UploadUserPhotoLmb",
            "aws_lambda_permission.ApiGwLambdaUploadUser",
            "aws_s3_bucket.AvatarBucket",
            "data.aws_iam_policy_document.assume_role",
            "null_resource.lambda_build_trigger"
          ]
        }
      ]
    },
    {
      "mode": "managed",
      "type": "aws_api_gateway_deployment",
      "name": "deploymentRegisterEndpoint",
      "provider": "provider[\"registry.terraform.io/hashicorp/aws\"]",
      "instances": [
        {
          "schema_version": 0,
          "attributes": {
            "created_date": "2025-09-10T04:58:05Z",
            "description": "",
            "id": "0q9529",
            "region": "us-east-2",
            "rest_api_id": "sdamtp8yo3",
            "triggers": null,
            "variables": null
          },
          "sensitive_attributes": [],
          "private": "bnVsbA==",
          "dependencies": [
            "aws_api_gateway_integration.IntegrationPostCreateUser",
            "aws_api_gateway_method.PostCreateUser",
            "aws_api_gateway_resource.CreateUser",
            "aws_api_gateway_rest_api.UserRegisterApi",
            "aws_iam_role.lambda_role",
            "aws_lambda_function.RegisterUserLmb",
            "aws_lambda_permission.ApiGwLambdaRegisterUser",
            "data.aws_iam_policy_document.assume_role",
            "null_resource.lambda_build_trigger"
          ]
        }
      ]
    },
    {
      "mode": "managed",
      "type": "aws_api_gateway_deployment",
      "name": "deploymentUpdateEndpoint",
      "provider": "provider[\"registry.terraform.io/hashicorp/aws\"]",
      "instances": [
        {
          "schema_version": 0,
          "attributes": {
            "created_date": "2025-09-10T04:57:54Z",
            "description": "",
            "id": "66zfsa",
            "region": "us-east-2",
            "rest_api_id": "dppejwy8a1",
            "triggers": null,
            "variables": null
          },
          "sensitive_attributes": [],
          "private": "bnVsbA==",
          "dependencies": [
            "aws_api_gateway_integration.IntegrationPutUpdateUser",
            "aws_api_gateway_method.PutUpdateUser",
            "aws_api_gateway_resource.UpdateUserResource",
            "aws_api_gateway_resource.UserIdResource",
            "aws_api_gateway_rest_api.UserUpdateApi",
            "aws_iam_role.lambda_role",
            "aws_lambda_function.UpdateUserLmb",
            "aws_lambda_permission.ApiGwLambdaUpdateUser",
            "data.aws_iam_policy_document.assume_role",
            "null_resource.lambda_build_trigger"
          ]
        }
      ]
    },
    {
      "mode": "managed",
      "type": "aws_api_gateway_integration",
      "name": "IntegrationGetUser",
      "provider": "provider[\"registry.terraform.io/hashicorp/aws\"]",
      "instances": [
        {
          "schema_version": 0,
          "attributes": {
            "cache_key_parameters": [],
            "cache_namespace": "gcyqz1",
            "connection_id": "",
            "connection_type": "INTERNET",
            "content_handling": "",
            "credentials": "",
            "http_method": "GET",
            "id": "agi-v7hjhcn0ej-gcyqz1-GET",
            "integration_http_method": "POST",
            "passthrough_behavior": "WHEN_NO_MATCH",
            "region": "us-east-2",
            "request_parameters": {},
            "request_templates": {},
            "resource_id": "gcyqz1",
            "rest_api_id": "v7hjhcn0ej",
            "timeout_milliseconds": 29000,
            "tls_config": [],
            "type": "AWS_PROXY",
            "uri": "arn:aws:apigateway:us-east-2:lambda:path/2015-03-31/functions/arn:aws:lambda:us-east-2:308488080911:function:get-profile-user-lambda/invocations"
          },
          "sensitive_attributes": [],
          "private": "bnVsbA==",
          "dependencies": [
            "aws_api_gateway_method.MethodGetUser",
            "aws_api_gateway_resource.GetUserResource",
            "aws_api_gateway_resource.UserGetIdResource",
            "aws_api_gateway_rest_api.UserGetApi",
            "aws_iam_role.lambda_role",
            "aws_lambda_function.GetUserProfileLmb",
            "data.aws_iam_policy_document.assume_role",
            "null_resource.lambda_build_trigger"
          ]
        }
      ]
    },
    {
      "mode": "managed",
      "type": "aws_api_gateway_integration",
      "name": "IntegrationPostCreateUser",
      "provider": "provider[\"registry.terraform.io/hashicorp/aws\"]",
      "instances": [
        {
          "schema_version": 0,
          "attributes": {
            "cache_key_parameters": [],
            "cache_namespace": "3iaede",
            "connection_id": "",
            "connection_type": "INTERNET",
            "content_handling": "",
            "credentials": "",
            "http_method": "POST",
            "id": "agi-sdamtp8yo3-3iaede-POST",
            "integration_http_method": "POST",
            "passthrough_behavior": "WHEN_NO_MATCH",
            "region": "us-east-2",
            "request_parameters": {},
            "request_templates": {},
            "resource_id": "3iaede",
            "rest_api_id": "sdamtp8yo3",
            "timeout_milliseconds": 29000,
            "tls_config": [],
            "type": "AWS_PROXY",
            "uri": "arn:aws:apigateway:us-east-2:lambda:path/2015-03-31/functions/arn:aws:lambda:us-east-2:308488080911:function:register-user-lambda/invocations"
          },
          "sensitive_attributes": [],
          "private": "bnVsbA==",
          "dependencies": [
            "aws_api_gateway_method.PostCreateUser",
            "aws_api_gateway_resource.CreateUser",
            "aws_api_gateway_rest_api.UserRegisterApi",
            "aws_iam_role.lambda_role",
            "aws_lambda_function.RegisterUserLmb",
            "data.aws_iam_policy_document.assume_role",
            "null_resource.lambda_build_trigger"
          ]
        }
      ]
    },
    {
      "mode": "managed",
      "type": "aws_api_gateway_integration",
      "name": "IntegrationPostLoginUser",
      "provider": "provider[\"registry.terraform.io/hashicorp/aws\"]",
      "instances": [
        {
          "schema_version": 0,
          "attributes": {
            "cache_key_parameters": [],
            "cache_namespace": "xdhpq5",
            "connection_id": "",
            "connection_type": "INTERNET",
            "content_handling": "",
            "credentials": "",
            "http_method": "POST",
            "id": "agi-akhmew3pv1-xdhpq5-POST",
            "integration_http_method": "POST",
            "passthrough_behavior": "WHEN_NO_MATCH",
            "region": "us-east-2",
            "request_parameters": {},
            "request_templates": {},
            "resource_id": "xdhpq5",
            "rest_api_id": "akhmew3pv1",
            "timeout_milliseconds": 29000,
            "tls_config": [],
            "type": "AWS_PROXY",
            "uri": "arn:aws:apigateway:us-east-2:lambda:path/2015-03-31/functions/arn:aws:lambda:us-east-2:308488080911:function:login-user-lambda/invocations"
          },
          "sensitive_attributes": [],
          "private": "bnVsbA==",
          "dependencies": [
            "aws_api_gateway_method.PostLoginUser",
            "aws_api_gateway_resource.LoginUserResource",
            "aws_api_gateway_rest_api.UserLoginApi",
            "aws_iam_role.lambda_role",
            "aws_lambda_function.LoginUserLmb",
            "data.aws_iam_policy_document.assume_role",
            "null_resource.lambda_build_trigger"
          ]
        }
      ]
    },
    {
      "mode": "managed",
      "type": "aws_api_gateway_integration",
      "name": "IntegrationPostUploadUser",
      "provider": "provider[\"registry.terraform.io/hashicorp/aws\"]",
      "instances": [
        {
          "schema_version": 0,
          "attributes": {
            "cache_key_parameters": [],
            "cache_namespace": "lssonq",
            "connection_id": "",
            "connection_type": "INTERNET",
            "content_handling": "",
            "credentials": "",
            "http_method": "POST",
            "id": "agi-liuisg70kg-lssonq-POST",
            "integration_http_method": "POST",
            "passthrough_behavior": "WHEN_NO_MATCH",
            "region": "us-east-2",
            "request_parameters": {},
            "request_templates": {},
            "resource_id": "lssonq",
            "rest_api_id": "liuisg70kg",
            "timeout_milliseconds": 29000,
            "tls_config": [],
            "type": "AWS_PROXY",
            "uri": "arn:aws:apigateway:us-east-2:lambda:path/2015-03-31/functions/arn:aws:lambda:us-east-2:308488080911:function:upload-avatar-user-lambda/invocations"
          },
          "sensitive_attributes": [],
          "private": "bnVsbA==",
          "dependencies": [
            "aws_api_gateway_method.PostUploadUser",
            "aws_api_gateway_resource.UploadUserResource",
            "aws_api_gateway_resource.UserUploadAvatarResource",
            "aws_api_gateway_resource.UserUploadIdResource",
            "aws_api_gateway_rest_api.UserUploadApi",
            "aws_iam_role.lambda_role",
            "aws_lambda_function.UploadUserPhotoLmb",
            "aws_s3_bucket.AvatarBucket",
            "data.aws_iam_policy_document.assume_role",
            "null_resource.lambda_build_trigger"
          ]
        }
      ]
    },
    {
      "mode": "managed",
      "type": "aws_api_gateway_integration",
      "name": "IntegrationPutUpdateUser",
      "provider": "provider[\"registry.terraform.io/hashicorp/aws\"]",
      "instances": [
        {
          "schema_version": 0,
          "attributes": {
            "cache_key_parameters": [],
            "cache_namespace": "3djdup",
            "connection_id": "",
            "connection_type": "INTERNET",
            "content_handling": "",
            "credentials": "",
            "http_method": "PUT",
            "id": "agi-dppejwy8a1-3djdup-PUT",
            "integration_http_method": "POST",
            "passthrough_behavior": "WHEN_NO_MATCH",
            "region": "us-east-2",
            "request_parameters": {},
            "request_templates": {},
            "resource_id": "3djdup",
            "rest_api_id": "dppejwy8a1",
            "timeout_milliseconds": 29000,
            "tls_config": [],
            "type": "AWS_PROXY",
            "uri": "arn:aws:apigateway:us-east-2:lambda:path/2015-03-31/functions/arn:aws:lambda:us-east-2:308488080911:function:update-user-lambda/invocations"
          },
          "sensitive_attributes": [],
          "private": "bnVsbA==",
          "dependencies": [
            "aws_api_gateway_method.PutUpdateUser",
            "aws_api_gateway_resource.UpdateUserResource",
            "aws_api_gateway_resource.UserIdResource",
            "aws_api_gateway_rest_api.UserUpdateApi",
            "aws_iam_role.lambda_role",
            "aws_lambda_function.UpdateUserLmb",
            "data.aws_iam_policy_document.assume_role",
            "null_resource.lambda_build_trigger"
          ]
        }
      ]
    },
    {
      "mode": "managed",
      "type": "aws_api_gateway_method",
      "name": "MethodGetUser",
      "provider": "provider[\"registry.terraform.io/hashicorp/aws\"]",
      "instances": [
        {
          "schema_version": 0,
          "attributes": {
            "api_key_required": false,
            "authorization": "NONE",
            "authorization_scopes": [],
            "authorizer_id": "",
            "http_method": "GET",
            "id": "agm-v7hjhcn0ej-gcyqz1-GET",
            "operation_name": "",
            "region": "us-east-2",
            "request_models": {},
            "request_parameters": {
              "method.request.path.uuid": true
            },
            "request_validator_id": "",
            "resource_id": "gcyqz1",
            "rest_api_id": "v7hjhcn0ej"
          },
          "sensitive_attributes": [],
          "private": "bnVsbA==",
          "dependencies": [
            "aws_api_gateway_resource.GetUserResource",
            "aws_api_gateway_resource.UserGetIdResource",
            "aws_api_gateway_rest_api.UserGetApi"
          ]
        }
      ]
    },
    {
      "mode": "managed",
      "type": "aws_api_gateway_method",
      "name": "PostCreateUser",
      "provider": "provider[\"registry.terraform.io/hashicorp/aws\"]",
      "instances": [
        {
          "schema_version": 0,
          "attributes": {
            "api_key_required": false,
            "authorization": "NONE",
            "authorization_scopes": [],
            "authorizer_id": "",
            "http_method": "POST",
            "id": "agm-sdamtp8yo3-3iaede-POST",
            "operation_name": "",
            "region": "us-east-2",
            "request_models": {},
            "request_parameters": {},
            "request_validator_id": "",
            "resource_id": "3iaede",
            "rest_api_id": "sdamtp8yo3"
          },
          "sensitive_attributes": [],
          "private": "bnVsbA==",
          "dependencies": [
            "aws_api_gateway_resource.CreateUser",
            "aws_api_gateway_rest_api.UserRegisterApi"
          ]
        }
      ]
    },
    {
      "mode": "managed",
      "type": "aws_api_gateway_method",
      "name": "PostLoginUser",
      "provider": "provider[\"registry.terraform.io/hashicorp/aws\"]",
      "instances": [
        {
          "schema_version": 0,
          "attributes": {
            "api_key_required": false,
            "authorization": "NONE",
            "authorization_scopes": [],
            "authorizer_id": "",
            "http_method": "POST",
            "id": "agm-akhmew3pv1-xdhpq5-POST",
            "operation_name": "",
            "region": "us-east-2",
            "request_models": {},
            "request_parameters": {},
            "request_validator_id": "",
            "resource_id": "xdhpq5",
            "rest_api_id": "akhmew3pv1"
          },
          "sensitive_attributes": [],
          "private": "bnVsbA==",
          "dependencies": [
            "aws_api_gateway_resource.LoginUserResource",
            "aws_api_gateway_rest_api.UserLoginApi"
          ]
        }
      ]
    },
    {
      "mode": "managed",
      "type": "aws_api_gateway_method",
      "name": "PostUploadUser",
      "provider": "provider[\"registry.terraform.io/hashicorp/aws\"]",
      "instances": [
        {
          "schema_version": 0,
          "attributes": {
            "api_key_required": false,
            "authorization": "NONE",
            "authorization_scopes": [],
            "authorizer_id": "",
            "http_method": "POST",
            "id": "agm-liuisg70kg-lssonq-POST",
            "operation_name": "",
            "region": "us-east-2",
            "request_models": {},
            "request_parameters": {
              "method.request.path.uuid": true
            },
            "request_validator_id": "",
            "resource_id": "lssonq",
            "rest_api_id": "liuisg70kg"
          },
          "sensitive_attributes": [],
          "private": "bnVsbA==",
          "dependencies": [
            "aws_api_gateway_resource.UploadUserResource",
            "aws_api_gateway_resource.UserUploadAvatarResource",
            "aws_api_gateway_resource.UserUploadIdResource",
            "aws_api_gateway_rest_api.UserUploadApi"
          ]
        }
      ]
    },
    {
      "mode": "managed",
      "type": "aws_api_gateway_method",
      "name": "PutUpdateUser",
      "provider": "provider[\"registry.terraform.io/hashicorp/aws\"]",
      "instances": [
        {
          "schema_version": 0,
          "attributes": {
            "api_key_required": false,
            "authorization": "NONE",
            "authorization_scopes": [],
            "authorizer_id": "",
            "http_method": "PUT",
            "id": "agm-dppejwy8a1-3djdup-PUT",
            "operation_name": "",
            "region": "us-east-2",
            "request_models": {},
            "request_parameters": {
              "method.request.path.uuid": true
            },
            "request_validator_id": "",
            "resource_id": "3djdup",
            "rest_api_id": "dppejwy8a1"
          },
          "sensitive_attributes": [],
          "private": "bnVsbA==",
          "dependencies": [
            "aws_api_gateway_resource.UpdateUserResource",
            "aws_api_gateway_resource.UserIdResource",
            "aws_api_gateway_rest_api.UserUpdateApi"
          ]
        }
      ]
    },
    {
      "mode": "managed",
      "type": "aws_api_gateway_resource",
      "name": "CreateUser",
      "provider": "provider[\"registry.terraform.io/hashicorp/aws\"]",
      "instances": [
        {
          "schema_version": 0,
          "attributes": {
            "id": "3iaede",
            "parent_id": "xapdxkuefd",
            "path": "/register",
            "path_part": "register",
            "region": "us-east-2",
            "rest_api_id": "sdamtp8yo3"
          },
          "sensitive_attributes": [],
          "private": "bnVsbA==",
          "dependencies": [
            "aws_api_gateway_rest_api.UserRegisterApi"
          ]
        }
      ]
    },
    {
      "mode": "managed",
      "type": "aws_api_gateway_resource",
      "name": "GetUserResource",
      "provider": "provider[\"registry.terraform.io/hashicorp/aws\"]",
      "instances": [
        {
          "schema_version": 0,
          "attributes": {
            "id": "89vt17",
            "parent_id": "7u7glysaz0",
            "path": "/profile",
            "path_part": "profile",
            "region": "us-east-2",
            "rest_api_id": "v7hjhcn0ej"
          },
          "sensitive_attributes": [],
          "private": "bnVsbA==",
          "dependencies": [
            "aws_api_gateway_rest_api.UserGetApi"
          ]
        }
      ]
    },
    {
      "mode": "managed",
      "type": "aws_api_gateway_resource",
      "name": "LoginUserResource",
      "provider": "provider[\"registry.terraform.io/hashicorp/aws\"]",
      "instances": [
        {
          "schema_version": 0,
          "attributes": {
            "id": "xdhpq5",
            "parent_id": "uij7h63kne",
            "path": "/login",
            "path_part": "login",
            "region": "us-east-2",
            "rest_api_id": "akhmew3pv1"
          },
          "sensitive_attributes": [],
          "private": "bnVsbA==",
          "dependencies": [
            "aws_api_gateway_rest_api.UserLoginApi"
          ]
        }
      ]
    },
    {
      "mode": "managed",
      "type": "aws_api_gateway_resource",
      "name": "UpdateUserResource",
      "provider": "provider[\"registry.terraform.io/hashicorp/aws\"]",
      "instances": [
        {
          "schema_version": 0,
          "attributes": {
            "id": "i4st8u",
            "parent_id": "h2zby43409",
            "path": "/profile",
            "path_part": "profile",
            "region": "us-east-2",
            "rest_api_id": "dppejwy8a1"
          },
          "sensitive_attributes": [],
          "private": "bnVsbA==",
          "dependencies": [
            "aws_api_gateway_rest_api.UserUpdateApi"
          ]
        }
      ]
    },
    {
      "mode": "managed",
      "type": "aws_api_gateway_resource",
      "name": "UploadUserResource",
      "provider": "provider[\"registry.terraform.io/hashicorp/aws\"]",
      "instances": [
        {
          "schema_version": 0,
          "attributes": {
            "id": "yb4frl",
            "parent_id": "hyk6r5719g",
            "path": "/profile",
            "path_part": "profile",
            "region": "us-east-2",
            "rest_api_id": "liuisg70kg"
          },
          "sensitive_attributes": [],
          "private": "bnVsbA==",
          "dependencies": [
            "aws_api_gateway_rest_api.UserUploadApi"
          ]
        }
      ]
    },
    {
      "mode": "managed",
      "type": "aws_api_gateway_resource",
      "name": "UserGetIdResource",
      "provider": "provider[\"registry.terraform.io/hashicorp/aws\"]",
      "instances": [
        {
          "schema_version": 0,
          "attributes": {
            "id": "gcyqz1",
            "parent_id": "89vt17",
            "path": "/profile/{uuid}",
            "path_part": "{uuid}",
            "region": "us-east-2",
            "rest_api_id": "v7hjhcn0ej"
          },
          "sensitive_attributes": [],
          "private": "bnVsbA==",
          "dependencies": [
            "aws_api_gateway_resource.GetUserResource",
            "aws_api_gateway_rest_api.UserGetApi"
          ]
        }
      ]
    },
    {
      "mode": "managed",
      "type": "aws_api_gateway_resource",
      "name": "UserIdResource",
      "provider": "provider[\"registry.terraform.io/hashicorp/aws\"]",
      "instances": [
        {
          "schema_version": 0,
          "attributes": {
            "id": "3djdup",
            "parent_id": "i4st8u",
            "path": "/profile/{uuid}",
            "path_part": "{uuid}",
            "region": "us-east-2",
            "rest_api_id": "dppejwy8a1"
          },
          "sensitive_attributes": [],
          "private": "bnVsbA==",
          "dependencies": [
            "aws_api_gateway_resource.UpdateUserResource",
            "aws_api_gateway_rest_api.UserUpdateApi"
          ]
        }
      ]
    },
    {
      "mode": "managed",
      "type": "aws_api_gateway_resource",
      "name": "UserUploadAvatarResource",
      "provider": "provider[\"registry.terraform.io/hashicorp/aws\"]",
      "instances": [
        {
          "schema_version": 0,
          "attributes": {
            "id": "lssonq",
            "parent_id": "j0hwt8",
            "path": "/profile/{uuid}/avatar",
            "path_part": "avatar",
            "region": "us-east-2",
            "rest_api_id": "liuisg70kg"
          },
          "sensitive_attributes": [],
          "private": "bnVsbA==",
          "dependencies": [
            "aws_api_gateway_resource.UploadUserResource",
            "aws_api_gateway_resource.UserUploadIdResource",
            "aws_api_gateway_rest_api.UserUploadApi"
          ]
        }
      ]
    },
    {
      "mode": "managed",
      "type": "aws_api_gateway_resource",
      "name": "UserUploadIdResource",
      "provider": "provider[\"registry.terraform.io/hashicorp/aws\"]",
      "instances": [
        {
          "schema_version": 0,
          "attributes": {
            "id": "j0hwt8",
            "parent_id": "yb4frl",
            "path": "/profile/{uuid}",
            "path_part": "{uuid}",
            "region": "us-east-2",
            "rest_api_id": "liuisg70kg"
          },
          "sensitive_attributes": [],
          "private": "bnVsbA==",
          "dependencies": [
            "aws_api_gateway_resource.UploadUserResource",
            "aws_api_gateway_rest_api.UserUploadApi"
          ]
        }
      ]
    },
    {
      "mode": "managed",
      "type": "aws_api_gateway_rest_api",
      "name": "UserGetApi",
      "provider": "provider[\"registry.terraform.io/hashicorp/aws\"]",
      "instances": [
        {
          "schema_version": 0,
          "attributes": {
            "api_key_source": "HEADER",
            "arn": "arn:aws:apigateway:us-east-2::/restapis/v7hjhcn0ej",
            "binary_media_types": [],
            "body": null,
            "created_date": "2025-09-10T04:47:27Z",
            "description": "esta api gateway sirve para obtener un usuario por id",
            "disable_execute_api_endpoint": false,
            "endpoint_configuration": [
              {
                "ip_address_type": "ipv4",
                "types": [
                  "EDGE"
                ],
                "vpc_endpoint_ids": []
              }
            ],
            "execution_arn": "arn:aws:execute-api:us-east-2:308488080911:v7hjhcn0ej",
            "fail_on_warnings": null,
            "id": "v7hjhcn0ej",
            "minimum_compression_size": "",
            "name": "user api for getid",
            "parameters": null,
            "policy": "",
            "put_rest_api_mode": null,
            "region": "us-east-2",
            "root_resource_id": "7u7glysaz0",
            "tags": {},
            "tags_all": {}
          },
          "sensitive_attributes": [],
          "private": "bnVsbA=="
        }
      ]
    },
    {
      "mode": "managed",
      "type": "aws_api_gateway_rest_api",
      "name": "UserLoginApi",
      "provider": "provider[\"registry.terraform.io/hashicorp/aws\"]",
      "instances": [
        {
          "schema_version": 0,
          "attributes": {
            "api_key_source": "HEADER",
            "arn": "arn:aws:apigateway:us-east-2::/restapis/akhmew3pv1",
            "binary_media_types": [],
            "body": null,
            "created_date": "2025-09-10T04:47:27Z",
            "description": "esta api gateway sirve para logear un usuario",
            "disable_execute_api_endpoint": false,
            "endpoint_configuration": [
              {
                "ip_address_type": "ipv4",
                "types": [
                  "EDGE"
                ],
                "vpc_endpoint_ids": []
              }
            ],
            "execution_arn": "arn:aws:execute-api:us-east-2:308488080911:akhmew3pv1",
            "fail_on_warnings": null,
            "id": "akhmew3pv1",
            "minimum_compression_size": "",
            "name": "user api for login",
            "parameters": null,
            "policy": "",
            "put_rest_api_mode": null,
            "region": "us-east-2",
            "root_resource_id": "uij7h63kne",
            "tags": {},
            "tags_all": {}
          },
          "sensitive_attributes": [],
          "private": "bnVsbA=="
        }
      ]
    },
    {
      "mode": "managed",
      "type": "aws_api_gateway_rest_api",
      "name": "UserRegisterApi",
      "provider": "provider[\"registry.terraform.io/hashicorp/aws\"]",
      "instances": [
        {
          "schema_version": 0,
          "attributes": {
            "api_key_source": "HEADER",
            "arn": "arn:aws:apigateway:us-east-2::/restapis/sdamtp8yo3",
            "binary_media_types": [],
            "body": null,
            "created_date": "2025-09-10T04:47:27Z",
            "description": "esta api gateway sirve para registrar un usuario",
            "disable_execute_api_endpoint": false,
            "endpoint_configuration": [
              {
                "ip_address_type": "ipv4",
                "types": [
                  "EDGE"
                ],
                "vpc_endpoint_ids": []
              }
            ],
            "execution_arn": "arn:aws:execute-api:us-east-2:308488080911:sdamtp8yo3",
            "fail_on_warnings": null,
            "id": "sdamtp8yo3",
            "minimum_compression_size": "",
            "name": "user api for register",
            "parameters": null,
            "policy": "",
            "put_rest_api_mode": null,
            "region": "us-east-2",
            "root_resource_id": "xapdxkuefd",
            "tags": {},
            "tags_all": {}
          },
          "sensitive_attributes": [],
          "private": "bnVsbA=="
        }
      ]
    },
    {
      "mode": "managed",
      "type": "aws_api_gateway_rest_api",
      "name": "UserUpdateApi",
      "provider": "provider[\"registry.terraform.io/hashicorp/aws\"]",
      "instances": [
        {
          "schema_version": 0,
          "attributes": {
            "api_key_source": "HEADER",
            "arn": "arn:aws:apigateway:us-east-2::/restapis/dppejwy8a1",
            "binary_media_types": [],
            "body": null,
            "created_date": "2025-09-10T04:47:27Z",
            "description": "esta api gateway sirve para actualizar un usuario",
            "disable_execute_api_endpoint": false,
            "endpoint_configuration": [
              {
                "ip_address_type": "ipv4",
                "types": [
                  "EDGE"
                ],
                "vpc_endpoint_ids": []
              }
            ],
            "execution_arn": "arn:aws:execute-api:us-east-2:308488080911:dppejwy8a1",
            "fail_on_warnings": null,
            "id": "dppejwy8a1",
            "minimum_compression_size": "",
            "name": "user api for update",
            "parameters": null,
            "policy": "",
            "put_rest_api_mode": null,
            "region": "us-east-2",
            "root_resource_id": "h2zby43409",
            "tags": {},
            "tags_all": {}
          },
          "sensitive_attributes": [],
          "private": "bnVsbA=="
        }
      ]
    },
    {
      "mode": "managed",
      "type": "aws_api_gateway_rest_api",
      "name": "UserUploadApi",
      "provider": "provider[\"registry.terraform.io/hashicorp/aws\"]",
      "instances": [
        {
          "schema_version": 0,
          "attributes": {
            "api_key_source": "HEADER",
            "arn": "arn:aws:apigateway:us-east-2::/restapis/liuisg70kg",
            "binary_media_types": [],
            "body": null,
            "created_date": "2025-09-10T04:47:27Z",
            "description": "esta api gateway sirve para subir un avatar de un usuario por id",
            "disable_execute_api_endpoint": false,
            "endpoint_configuration": [
              {
                "ip_address_type": "ipv4",
                "types": [
                  "EDGE"
                ],
                "vpc_endpoint_ids": []
              }
            ],
            "execution_arn": "arn:aws:execute-api:us-east-2:308488080911:liuisg70kg",
            "fail_on_warnings": null,
            "id": "liuisg70kg",
            "minimum_compression_size": "",
            "name": "user api for Upload Avatar",
            "parameters": null,
            "policy": "",
            "put_rest_api_mode": null,
            "region": "us-east-2",
            "root_resource_id": "hyk6r5719g",
            "tags": {},
            "tags_all": {}
          },
          "sensitive_attributes": [],
          "private": "bnVsbA=="
        }
      ]
    },
    {
      "mode": "managed",
      "type": "aws_api_gateway_stage",
      "name": "Stage",
      "provider": "provider[\"registry.terraform.io/hashicorp/aws\"]",
      "instances": [
        {
          "schema_version": 0,
          "attributes": {
            "access_log_settings": [],
            "arn": "arn:aws:apigateway:us-east-2::/restapis/sdamtp8yo3/stages/users",
            "cache_cluster_enabled": false,
            "cache_cluster_size": "",
            "canary_settings": [],
            "client_certificate_id": "",
            "deployment_id": "0q9529",
            "description": "",
            "documentation_version": "",
            "execution_arn": "arn:aws:execute-api:us-east-2:308488080911:sdamtp8yo3/users",
            "id": "ags-sdamtp8yo3-users",
            "invoke_url": "https://sdamtp8yo3.execute-api.us-east-2.amazonaws.com/users",
            "region": "us-east-2",
            "rest_api_id": "sdamtp8yo3",
            "stage_name": "users",
            "tags": {},
            "tags_all": {},
            "variables": {},
            "web_acl_arn": "",
            "xray_tracing_enabled": false
          },
          "sensitive_attributes": [],
          "private": "bnVsbA==",
          "dependencies": [
            "aws_api_gateway_deployment.deploymentRegisterEndpoint",
            "aws_api_gateway_integration.IntegrationPostCreateUser",
            "aws_api_gateway_method.PostCreateUser",
            "aws_api_gateway_resource.CreateUser",
            "aws_api_gateway_rest_api.UserRegisterApi",
            "aws_iam_role.lambda_role",
            "aws_lambda_function.RegisterUserLmb",
            "aws_lambda_permission.ApiGwLambdaRegisterUser",
            "data.aws_iam_policy_document.assume_role",
            "null_resource.lambda_build_trigger"
          ]
        }
      ]
    },
    {
      "mode": "managed",
      "type": "aws_api_gateway_stage",
      "name": "StageGet",
      "provider": "provider[\"registry.terraform.io/hashicorp/aws\"]",
      "instances": [
        {
          "schema_version": 0,
          "attributes": {
            "access_log_settings": [],
            "arn": "arn:aws:apigateway:us-east-2::/restapis/v7hjhcn0ej/stages/users",
            "cache_cluster_enabled": false,
            "cache_cluster_size": "",
            "canary_settings": [],
            "client_certificate_id": "",
            "deployment_id": "q01pfi",
            "description": "",
            "documentation_version": "",
            "execution_arn": "arn:aws:execute-api:us-east-2:308488080911:v7hjhcn0ej/users",
            "id": "ags-v7hjhcn0ej-users",
            "invoke_url": "https://v7hjhcn0ej.execute-api.us-east-2.amazonaws.com/users",
            "region": "us-east-2",
            "rest_api_id": "v7hjhcn0ej",
            "stage_name": "users",
            "tags": {},
            "tags_all": {},
            "variables": {},
            "web_acl_arn": "",
            "xray_tracing_enabled": false
          },
          "sensitive_attributes": [],
          "private": "bnVsbA==",
          "dependencies": [
            "aws_api_gateway_deployment.deploymentGetEndpoint",
            "aws_api_gateway_integration.IntegrationGetUser",
            "aws_api_gateway_method.MethodGetUser",
            "aws_api_gateway_resource.GetUserResource",
            "aws_api_gateway_resource.UserGetIdResource",
            "aws_api_gateway_rest_api.UserGetApi",
            "aws_iam_role.lambda_role",
            "aws_lambda_function.GetUserProfileLmb",
            "aws_lambda_permission.ApiGwLambdaGetUser",
            "data.aws_iam_policy_document.assume_role",
            "null_resource.lambda_build_trigger"
          ]
        }
      ]
    },
    {
      "mode": "managed",
      "type": "aws_api_gateway_stage",
      "name": "StageLogin",
      "provider": "provider[\"registry.terraform.io/hashicorp/aws\"]",
      "instances": [
        {
          "schema_version": 0,
          "attributes": {
            "access_log_settings": [],
            "arn": "arn:aws:apigateway:us-east-2::/restapis/akhmew3pv1/stages/users",
            "cache_cluster_enabled": false,
            "cache_cluster_size": "",
            "canary_settings": [],
            "client_certificate_id": "",
            "deployment_id": "9k6n30",
            "description": "",
            "documentation_version": "",
            "execution_arn": "arn:aws:execute-api:us-east-2:308488080911:akhmew3pv1/users",
            "id": "ags-akhmew3pv1-users",
            "invoke_url": "https://akhmew3pv1.execute-api.us-east-2.amazonaws.com/users",
            "region": "us-east-2",
            "rest_api_id": "akhmew3pv1",
            "stage_name": "users",
            "tags": {},
            "tags_all": {},
            "variables": {},
            "web_acl_arn": "",
            "xray_tracing_enabled": false
          },
          "sensitive_attributes": [],
          "private": "bnVsbA==",
          "dependencies": [
            "aws_api_gateway_deployment.deploymentLoginEndpoint",
            "aws_api_gateway_integration.IntegrationPostLoginUser",
            "aws_api_gateway_method.PostLoginUser",
            "aws_api_gateway_resource.LoginUserResource",
            "aws_api_gateway_rest_api.UserLoginApi",
            "aws_iam_role.lambda_role",
            "aws_lambda_function.LoginUserLmb",
            "aws_lambda_permission.ApiGwLambdaLoginUser",
            "data.aws_iam_policy_document.assume_role",
            "null_resource.lambda_build_trigger"
          ]
        }
      ]
    },
    {
      "mode": "managed",
      "type": "aws_api_gateway_stage",
      "name": "StageUpdate",
      "provider": "provider[\"registry.terraform.io/hashicorp/aws\"]",
      "instances": [
        {
          "schema_version": 0,
          "attributes": {
            "access_log_settings": [],
            "arn": "arn:aws:apigateway:us-east-2::/restapis/dppejwy8a1/stages/users",
            "cache_cluster_enabled": false,
            "cache_cluster_size": "",
            "canary_settings": [],
            "client_certificate_id": "",
            "deployment_id": "66zfsa",
            "description": "",
            "documentation_version": "",
            "execution_arn": "arn:aws:execute-api:us-east-2:308488080911:dppejwy8a1/users",
            "id": "ags-dppejwy8a1-users",
            "invoke_url": "https://dppejwy8a1.execute-api.us-east-2.amazonaws.com/users",
            "region": "us-east-2",
            "rest_api_id": "dppejwy8a1",
            "stage_name": "users",
            "tags": {},
            "tags_all": {},
            "variables": {},
            "web_acl_arn": "",
            "xray_tracing_enabled": false
          },
          "sensitive_attributes": [],
          "private": "bnVsbA==",
          "dependencies": [
            "aws_api_gateway_deployment.deploymentUpdateEndpoint",
            "aws_api_gateway_integration.IntegrationPutUpdateUser",
            "aws_api_gateway_method.PutUpdateUser",
            "aws_api_gateway_resource.UpdateUserResource",
            "aws_api_gateway_resource.UserIdResource",
            "aws_api_gateway_rest_api.UserUpdateApi",
            "aws_iam_role.lambda_role",
            "aws_lambda_function.UpdateUserLmb",
            "aws_lambda_permission.ApiGwLambdaUpdateUser",
            "data.aws_iam_policy_document.assume_role",
            "null_resource.lambda_build_trigger"
          ]
        }
      ]
    },
    {
      "mode": "managed",
      "type": "aws_api_gateway_stage",
      "name": "StageUpload",
      "provider": "provider[\"registry.terraform.io/hashicorp/aws\"]",
      "instances": [
        {
          "schema_version": 0,
          "attributes": {
            "access_log_settings": [],
            "arn": "arn:aws:apigateway:us-east-2::/restapis/liuisg70kg/stages/users",
            "cache_cluster_enabled": false,
            "cache_cluster_size": "",
            "canary_settings": [],
            "client_certificate_id": "",
            "deployment_id": "04muvj",
            "description": "",
            "documentation_version": "",
            "execution_arn": "arn:aws:execute-api:us-east-2:308488080911:liuisg70kg/users",
            "id": "ags-liuisg70kg-users",
            "invoke_url": "https://liuisg70kg.execute-api.us-east-2.amazonaws.com/users",
            "region": "us-east-2",
            "rest_api_id": "liuisg70kg",
            "stage_name": "users",
            "tags": {},
            "tags_all": {},
            "variables": {},
            "web_acl_arn": "",
            "xray_tracing_enabled": false
          },
          "sensitive_attributes": [],
          "private": "bnVsbA==",
          "dependencies": [
            "aws_api_gateway_deployment.deploymentPostUpload",
            "aws_api_gateway_integration.IntegrationPostUploadUser",
            "aws_api_gateway_method.PostUploadUser",
            "aws_api_gateway_resource.UploadUserResource",
            "aws_api_gateway_resource.UserUploadAvatarResource",
            "aws_api_gateway_resource.UserUploadIdResource",
            "aws_api_gateway_rest_api.UserUploadApi",
            "aws_iam_role.lambda_role",
            "aws_lambda_function.UploadUserPhotoLmb",
            "aws_lambda_permission.ApiGwLambdaUploadUser",
            "aws_s3_bucket.AvatarBucket",
            "data.aws_iam_policy_document.assume_role",
            "null_resource.lambda_build_trigger"
          ]
        }
      ]
    },
    {
      "mode": "managed",
      "type": "aws_dynamodb_table",
      "name": "user_table",
      "provider": "provider[\"registry.terraform.io/hashicorp/aws\"]",
      "instances": [
        {
          "schema_version": 1,
          "attributes": {
            "arn": "arn:aws:dynamodb:us-east-2:308488080911:table/user-table",
            "attribute": [
              {
                "name": "documentNumber",
                "type": "S"
              },
              {
                "name": "email",
                "type": "S"
              },
              {
                "name": "uuid",
                "type": "S"
              }
            ],
            "billing_mode": "PROVISIONED",
            "deletion_protection_enabled": false,
            "global_secondary_index": [
              {
                "hash_key": "documentNumber",
                "name": "DocumentNumberIndex",
                "non_key_attributes": [],
                "on_demand_throughput": [],
                "projection_type": "ALL",
                "range_key": "",
                "read_capacity": 20,
                "write_capacity": 20
              },
              {
                "hash_key": "email",
                "name": "EmailIndex",
                "non_key_attributes": [],
                "on_demand_throughput": [],
                "projection_type": "ALL",
                "range_key": "",
                "read_capacity": 20,
                "write_capacity": 20
              }
            ],
            "hash_key": "uuid",
            "id": "user-table",
            "import_table": [],
            "local_secondary_index": [],
            "name": "user-table",
            "on_demand_throughput": [],
            "point_in_time_recovery": [
              {
                "enabled": false,
                "recovery_period_in_days": 0
              }
            ],
            "range_key": "documentNumber",
            "read_capacity": 20,
            "region": "us-east-2",
            "replica": [],
            "restore_date_time": null,
            "restore_source_name": null,
            "restore_source_table_arn": null,
            "restore_to_latest_time": null,
            "server_side_encryption": [],
            "stream_arn": "",
            "stream_enabled": false,
            "stream_label": "",
            "stream_view_type": "",
            "table_class": "STANDARD",
            "tags": {
              "Environment": "production",
              "Microservice": "user-service"
            },
            "tags_all": {
              "Environment": "production",
              "Microservice": "user-service"
            },
            "timeouts": null,
            "ttl": [
              {
                "attribute_name": "",
                "enabled": false
              }
            ],
            "write_capacity": 20
          },
          "sensitive_attributes": [],
          "private": "eyJlMmJmYjczMC1lY2FhLTExZTYtOGY4OC0zNDM2M2JjN2M0YzAiOnsiY3JlYXRlIjoxODAwMDAwMDAwMDAwLCJkZWxldGUiOjYwMDAwMDAwMDAwMCwidXBkYXRlIjozNjAwMDAwMDAwMDAwfSwic2NoZW1hX3ZlcnNpb24iOiIxIn0="
        }
      ]
    },
    {
      "mode": "managed",
      "type": "aws_iam_policy",
      "name": "lambda_secrets_policy",
      "provider": "provider[\"registry.terraform.io/hashicorp/aws\"]",
      "instances": [
        {
          "schema_version": 0,
          "attributes": {
            "arn": "arn:aws:iam::308488080911:policy/lambda-secrets-policy",
            "attachment_count": 1,
            "description": "",
            "id": "arn:aws:iam::308488080911:policy/lambda-secrets-policy",
            "name": "lambda-secrets-policy",
            "name_prefix": "",
            "path": "/",
            "policy": "{\"Statement\":[{\"Action\":[\"secretsmanager:GetSecretValue\"],\"Effect\":\"Allow\",\"Resource\":\"arn:aws:secretsmanager:us-east-2:308488080911:secret:jwtSecret2-g9zcCG\"}],\"Version\":\"2012-10-17\"}",
            "policy_id": "ANPAUPU2SRYHWAFWZQG7R",
            "tags": {},
            "tags_all": {}
          },
          "sensitive_attributes": [],
          "private": "bnVsbA==",
          "dependencies": [
            "aws_secretsmanager_secret.jwt_secret"
          ]
        }
      ]
    },
    {
      "mode": "managed",
      "type": "aws_iam_policy",
      "name": "s3WriteAccess",
      "provider": "provider[\"registry.terraform.io/hashicorp/aws\"]",
      "instances": [
        {
          "schema_version": 0,
          "attributes": {
            "arn": "arn:aws:iam::308488080911:policy/S3WriteAccessToBucket",
            "attachment_count": 0,
            "description": "policy for write access",
            "id": "arn:aws:iam::308488080911:policy/S3WriteAccessToBucket",
            "name": "S3WriteAccessToBucket",
            "name_prefix": "",
            "path": "/",
            "policy": "{\"Statement\":[{\"Action\":[\"s3:PutObject\",\"s3:GetObject\",\"s3:DeleteObject\"],\"Effect\":\"Allow\",\"Resource\":\"arn:aws:s3:::infernoavatarimagebucket/*\"}],\"Version\":\"2012-10-17\"}",
            "policy_id": "ANPAUPU2SRYHZRD4WXLVQ",
            "tags": {},
            "tags_all": {}
          },
          "sensitive_attributes": [],
          "private": "bnVsbA==",
          "dependencies": [
            "aws_s3_bucket.AvatarBucket",
            "data.aws_iam_policy_document.s3_policy"
          ]
        }
      ]
    },
    {
      "mode": "managed",
      "type": "aws_iam_role",
      "name": "lambda_role",
      "provider": "provider[\"registry.terraform.io/hashicorp/aws\"]",
      "instances": [
        {
          "schema_version": 0,
          "attributes": {
            "arn": "arn:aws:iam::308488080911:role/ExecutionLamba",
            "assume_role_policy": "{\"Statement\":[{\"Action\":\"sts:AssumeRole\",\"Effect\":\"Allow\",\"Principal\":{\"Service\":\"lambda.amazonaws.com\"}}],\"Version\":\"2012-10-17\"}",
            "create_date": "2025-09-10T04:53:21Z",
            "description": "",
            "force_detach_policies": false,
            "id": "ExecutionLamba",
            "inline_policy": [
              {
                "name": "lambdaUserRegister",
                "policy": "{\"Version\":\"2012-10-17\",\"Statement\":[{\"Action\":\"dynamodb:GetItem\",\"Effect\":\"Allow\",\"Resource\":\"*\"}]}"
              }
            ],
            "managed_policy_arns": [
              "arn:aws:iam::308488080911:policy/lambda-secrets-policy",
              "arn:aws:iam::aws:policy/AmazonDynamoDBFullAccess",
              "arn:aws:iam::aws:policy/AmazonS3FullAccess",
              "arn:aws:iam::aws:policy/service-role/AWSLambdaBasicExecutionRole"
            ],
            "max_session_duration": 3600,
            "name": "ExecutionLamba",
            "name_prefix": "",
            "path": "/",
            "permissions_boundary": "",
            "tags": {},
            "tags_all": {},
            "unique_id": "AROAUPU2SRYHVQFZ5O7HG"
          },
          "sensitive_attributes": [],
          "private": "bnVsbA==",
          "dependencies": [
            "data.aws_iam_policy_document.assume_role"
          ]
        }
      ]
    },
    {
      "mode": "managed",
      "type": "aws_iam_role_policy",
      "name": "iam_policy_for_lambda",
      "provider": "provider[\"registry.terraform.io/hashicorp/aws\"]",
      "instances": [
        {
          "schema_version": 0,
          "attributes": {
            "id": "ExecutionLamba:lambdaUserRegister",
            "name": "lambdaUserRegister",
            "name_prefix": "",
            "policy": "{\"Version\":\"2012-10-17\",\"Statement\":[{\"Action\":\"dynamodb:GetItem\",\"Effect\":\"Allow\",\"Resource\":\"*\"}]}",
            "role": "ExecutionLamba"
          },
          "sensitive_attributes": [],
          "private": "bnVsbA==",
          "dependencies": [
            "aws_iam_role.lambda_role",
            "data.aws_iam_policy_document.assume_role",
            "data.aws_iam_policy_document.lambda_execution"
          ]
        }
      ]
    },
    {
      "mode": "managed",
      "type": "aws_iam_role_policy_attachment",
      "name": "dynamo_access",
      "provider": "provider[\"registry.terraform.io/hashicorp/aws\"]",
      "instances": [
        {
          "schema_version": 0,
          "attributes": {
            "id": "ExecutionLamba/arn:aws:iam::aws:policy/AmazonDynamoDBFullAccess",
            "policy_arn": "arn:aws:iam::aws:policy/AmazonDynamoDBFullAccess",
            "role": "ExecutionLamba"
          },
          "sensitive_attributes": [],
          "private": "bnVsbA==",
          "dependencies": [
            "aws_iam_role.lambda_role",
            "data.aws_iam_policy_document.assume_role"
          ]
        }
      ]
    },
    {
      "mode": "managed",
      "type": "aws_iam_role_policy_attachment",
      "name": "lambda_attach",
      "provider": "provider[\"registry.terraform.io/hashicorp/aws\"]",
      "instances": [
        {
          "schema_version": 0,
          "attributes": {
            "id": "ExecutionLamba/arn:aws:iam::308488080911:policy/lambda-secrets-policy",
            "policy_arn": "arn:aws:iam::308488080911:policy/lambda-secrets-policy",
            "role": "ExecutionLamba"
          },
          "sensitive_attributes": [],
          "private": "bnVsbA==",
          "dependencies": [
            "aws_iam_policy.lambda_secrets_policy",
            "aws_iam_role.lambda_role",
            "aws_secretsmanager_secret.jwt_secret",
            "data.aws_iam_policy_document.assume_role"
          ]
        }
      ]
    },
    {
      "mode": "managed",
      "type": "aws_iam_role_policy_attachment",
      "name": "lmb_policy_execution",
      "provider": "provider[\"registry.terraform.io/hashicorp/aws\"]",
      "instances": [
        {
          "schema_version": 0,
          "attributes": {
            "id": "ExecutionLamba/arn:aws:iam::aws:policy/service-role/AWSLambdaBasicExecutionRole",
            "policy_arn": "arn:aws:iam::aws:policy/service-role/AWSLambdaBasicExecutionRole",
            "role": "ExecutionLamba"
          },
          "sensitive_attributes": [],
          "private": "bnVsbA==",
          "dependencies": [
            "aws_iam_role.lambda_role",
            "data.aws_iam_policy_document.assume_role"
          ]
        }
      ]
    },
    {
      "mode": "managed",
      "type": "aws_iam_role_policy_attachment",
      "name": "s3_access",
      "provider": "provider[\"registry.terraform.io/hashicorp/aws\"]",
      "instances": [
        {
          "schema_version": 0,
          "attributes": {
            "id": "ExecutionLamba/arn:aws:iam::aws:policy/AmazonS3FullAccess",
            "policy_arn": "arn:aws:iam::aws:policy/AmazonS3FullAccess",
            "role": "ExecutionLamba"
          },
          "sensitive_attributes": [],
          "private": "bnVsbA==",
          "dependencies": [
            "aws_iam_role.lambda_role",
            "data.aws_iam_policy_document.assume_role"
          ]
        }
      ]
    },
    {
      "mode": "managed",
      "type": "aws_lambda_function",
      "name": "GetUserProfileLmb",
      "provider": "provider[\"registry.terraform.io/hashicorp/aws\"]",
      "instances": [
        {
          "schema_version": 0,
          "attributes": {
            "architectures": [
              "x86_64"
            ],
            "arn": "arn:aws:lambda:us-east-2:308488080911:function:get-profile-user-lambda",
            "code_sha256": "mU7f6tndpfXAEWiUQ4pGf68ogFVhli1RVMOsCyMCLlA=",
            "code_signing_config_arn": "",
            "dead_letter_config": [],
            "description": "",
            "environment": [],
            "ephemeral_storage": [
              {
                "size": 512
              }
            ],
            "file_system_config": [],
            "filename": "../target/user-service-lambda-jar-with-dependencies.jar",
            "function_name": "get-profile-user-lambda",
            "handler": "com.inferno.user_service.handler.GetUserProfileLambda::handleRequest",
            "id": "get-profile-user-lambda",
            "image_config": [],
            "image_uri": "",
            "invoke_arn": "arn:aws:apigateway:us-east-2:lambda:path/2015-03-31/functions/arn:aws:lambda:us-east-2:308488080911:function:get-profile-user-lambda/invocations",
            "kms_key_arn": "",
            "last_modified": "2025-09-10T05:46:19.000+0000",
            "layers": [],
            "logging_config": [
              {
                "application_log_level": "",
                "log_format": "Text",
                "log_group": "/aws/lambda/get-profile-user-lambda",
                "system_log_level": ""
              }
            ],
            "memory_size": 256,
            "package_type": "Zip",
            "publish": false,
            "qualified_arn": "arn:aws:lambda:us-east-2:308488080911:function:get-profile-user-lambda:$LATEST",
            "qualified_invoke_arn": "arn:aws:apigateway:us-east-2:lambda:path/2015-03-31/functions/arn:aws:lambda:us-east-2:308488080911:function:get-profile-user-lambda:$LATEST/invocations",
            "region": "us-east-2",
            "replace_security_groups_on_destroy": null,
            "replacement_security_group_ids": null,
            "reserved_concurrent_executions": -1,
            "role": "arn:aws:iam::308488080911:role/ExecutionLamba",
            "runtime": "java17",
            "s3_bucket": null,
            "s3_key": null,
            "s3_object_version": null,
            "signing_job_arn": "",
            "signing_profile_version_arn": "",
            "skip_destroy": false,
            "snap_start": [],
            "source_code_hash": "mU7f6tndpfXAEWiUQ4pGf68ogFVhli1RVMOsCyMCLlA=-3315856267961835653",
            "source_code_size": 36318082,
            "source_kms_key_arn": "",
            "tags": {},
            "tags_all": {},
            "timeout": 900,
            "timeouts": null,
            "tracing_config": [
              {
                "mode": "PassThrough"
              }
            ],
            "version": "$LATEST",
            "vpc_config": []
          },
          "sensitive_attributes": [],
          "private": "eyJlMmJmYjczMC1lY2FhLTExZTYtOGY4OC0zNDM2M2JjN2M0YzAiOnsiY3JlYXRlIjo2MDAwMDAwMDAwMDAsImRlbGV0ZSI6NjAwMDAwMDAwMDAwLCJ1cGRhdGUiOjYwMDAwMDAwMDAwMH19",
          "dependencies": [
            "aws_iam_role.lambda_role",
            "data.aws_iam_policy_document.assume_role",
            "null_resource.lambda_build_trigger"
          ]
        }
      ]
    },
    {
      "mode": "managed",
      "type": "aws_lambda_function",
      "name": "LoginUserLmb",
      "provider": "provider[\"registry.terraform.io/hashicorp/aws\"]",
      "instances": [
        {
          "schema_version": 0,
          "attributes": {
            "architectures": [
              "x86_64"
            ],
            "arn": "arn:aws:lambda:us-east-2:308488080911:function:login-user-lambda",
            "code_sha256": "mU7f6tndpfXAEWiUQ4pGf68ogFVhli1RVMOsCyMCLlA=",
            "code_signing_config_arn": "",
            "dead_letter_config": [],
            "description": "",
            "environment": [],
            "ephemeral_storage": [
              {
                "size": 512
              }
            ],
            "file_system_config": [],
            "filename": "../target/user-service-lambda-jar-with-dependencies.jar",
            "function_name": "login-user-lambda",
            "handler": "com.inferno.user_service.handler.LoginUserLambda::handleRequest",
            "id": "login-user-lambda",
            "image_config": [],
            "image_uri": "",
            "invoke_arn": "arn:aws:apigateway:us-east-2:lambda:path/2015-03-31/functions/arn:aws:lambda:us-east-2:308488080911:function:login-user-lambda/invocations",
            "kms_key_arn": "",
            "last_modified": "2025-09-10T05:46:30.000+0000",
            "layers": [],
            "logging_config": [
              {
                "application_log_level": "",
                "log_format": "Text",
                "log_group": "/aws/lambda/login-user-lambda",
                "system_log_level": ""
              }
            ],
            "memory_size": 256,
            "package_type": "Zip",
            "publish": false,
            "qualified_arn": "arn:aws:lambda:us-east-2:308488080911:function:login-user-lambda:$LATEST",
            "qualified_invoke_arn": "arn:aws:apigateway:us-east-2:lambda:path/2015-03-31/functions/arn:aws:lambda:us-east-2:308488080911:function:login-user-lambda:$LATEST/invocations",
            "region": "us-east-2",
            "replace_security_groups_on_destroy": null,
            "replacement_security_group_ids": null,
            "reserved_concurrent_executions": -1,
            "role": "arn:aws:iam::308488080911:role/ExecutionLamba",
            "runtime": "java17",
            "s3_bucket": null,
            "s3_key": null,
            "s3_object_version": null,
            "signing_job_arn": "",
            "signing_profile_version_arn": "",
            "skip_destroy": false,
            "snap_start": [],
            "source_code_hash": "mU7f6tndpfXAEWiUQ4pGf68ogFVhli1RVMOsCyMCLlA=-3315856267961835653",
            "source_code_size": 36318082,
            "source_kms_key_arn": "",
            "tags": {},
            "tags_all": {},
            "timeout": 900,
            "timeouts": null,
            "tracing_config": [
              {
                "mode": "PassThrough"
              }
            ],
            "version": "$LATEST",
            "vpc_config": []
          },
          "sensitive_attributes": [],
          "private": "eyJlMmJmYjczMC1lY2FhLTExZTYtOGY4OC0zNDM2M2JjN2M0YzAiOnsiY3JlYXRlIjo2MDAwMDAwMDAwMDAsImRlbGV0ZSI6NjAwMDAwMDAwMDAwLCJ1cGRhdGUiOjYwMDAwMDAwMDAwMH19",
          "dependencies": [
            "aws_iam_role.lambda_role",
            "data.aws_iam_policy_document.assume_role",
            "null_resource.lambda_build_trigger"
          ]
        }
      ]
    },
    {
      "mode": "managed",
      "type": "aws_lambda_function",
      "name": "RegisterUserLmb",
      "provider": "provider[\"registry.terraform.io/hashicorp/aws\"]",
      "instances": [
        {
          "schema_version": 0,
          "attributes": {
            "architectures": [
              "x86_64"
            ],
            "arn": "arn:aws:lambda:us-east-2:308488080911:function:register-user-lambda",
            "code_sha256": "mU7f6tndpfXAEWiUQ4pGf68ogFVhli1RVMOsCyMCLlA=",
            "code_signing_config_arn": "",
            "dead_letter_config": [],
            "description": "",
            "environment": [],
            "ephemeral_storage": [
              {
                "size": 512
              }
            ],
            "file_system_config": [],
            "filename": "../target/user-service-lambda-jar-with-dependencies.jar",
            "function_name": "register-user-lambda",
            "handler": "com.inferno.user_service.handler.UserRegisterLambda::handleRequest",
            "id": "register-user-lambda",
            "image_config": [],
            "image_uri": "",
            "invoke_arn": "arn:aws:apigateway:us-east-2:lambda:path/2015-03-31/functions/arn:aws:lambda:us-east-2:308488080911:function:register-user-lambda/invocations",
            "kms_key_arn": "",
            "last_modified": "2025-09-10T05:46:55.000+0000",
            "layers": [],
            "logging_config": [
              {
                "application_log_level": "",
                "log_format": "Text",
                "log_group": "/aws/lambda/register-user-lambda",
                "system_log_level": ""
              }
            ],
            "memory_size": 256,
            "package_type": "Zip",
            "publish": false,
            "qualified_arn": "arn:aws:lambda:us-east-2:308488080911:function:register-user-lambda:$LATEST",
            "qualified_invoke_arn": "arn:aws:apigateway:us-east-2:lambda:path/2015-03-31/functions/arn:aws:lambda:us-east-2:308488080911:function:register-user-lambda:$LATEST/invocations",
            "region": "us-east-2",
            "replace_security_groups_on_destroy": null,
            "replacement_security_group_ids": null,
            "reserved_concurrent_executions": -1,
            "role": "arn:aws:iam::308488080911:role/ExecutionLamba",
            "runtime": "java17",
            "s3_bucket": null,
            "s3_key": null,
            "s3_object_version": null,
            "signing_job_arn": "",
            "signing_profile_version_arn": "",
            "skip_destroy": false,
            "snap_start": [],
            "source_code_hash": "mU7f6tndpfXAEWiUQ4pGf68ogFVhli1RVMOsCyMCLlA=-3315856267961835653",
            "source_code_size": 36318082,
            "source_kms_key_arn": "",
            "tags": {},
            "tags_all": {},
            "timeout": 900,
            "timeouts": null,
            "tracing_config": [
              {
                "mode": "PassThrough"
              }
            ],
            "version": "$LATEST",
            "vpc_config": []
          },
          "sensitive_attributes": [],
          "private": "eyJlMmJmYjczMC1lY2FhLTExZTYtOGY4OC0zNDM2M2JjN2M0YzAiOnsiY3JlYXRlIjo2MDAwMDAwMDAwMDAsImRlbGV0ZSI6NjAwMDAwMDAwMDAwLCJ1cGRhdGUiOjYwMDAwMDAwMDAwMH19",
          "dependencies": [
            "aws_iam_role.lambda_role",
            "data.aws_iam_policy_document.assume_role",
            "null_resource.lambda_build_trigger"
          ]
        }
      ]
    },
    {
      "mode": "managed",
      "type": "aws_lambda_function",
      "name": "UpdateUserLmb",
      "provider": "provider[\"registry.terraform.io/hashicorp/aws\"]",
      "instances": [
        {
          "schema_version": 0,
          "attributes": {
            "architectures": [
              "x86_64"
            ],
            "arn": "arn:aws:lambda:us-east-2:308488080911:function:update-user-lambda",
            "code_sha256": "mU7f6tndpfXAEWiUQ4pGf68ogFVhli1RVMOsCyMCLlA=",
            "code_signing_config_arn": "",
            "dead_letter_config": [],
            "description": "",
            "environment": [],
            "ephemeral_storage": [
              {
                "size": 512
              }
            ],
            "file_system_config": [],
            "filename": "../target/user-service-lambda-jar-with-dependencies.jar",
            "function_name": "update-user-lambda",
            "handler": "com.inferno.user_service.handler.UpdateUserLambda::handleRequest",
            "id": "update-user-lambda",
            "image_config": [],
            "image_uri": "",
            "invoke_arn": "arn:aws:apigateway:us-east-2:lambda:path/2015-03-31/functions/arn:aws:lambda:us-east-2:308488080911:function:update-user-lambda/invocations",
            "kms_key_arn": "",
            "last_modified": "2025-09-10T05:46:08.000+0000",
            "layers": [],
            "logging_config": [
              {
                "application_log_level": "",
                "log_format": "Text",
                "log_group": "/aws/lambda/update-user-lambda",
                "system_log_level": ""
              }
            ],
            "memory_size": 256,
            "package_type": "Zip",
            "publish": false,
            "qualified_arn": "arn:aws:lambda:us-east-2:308488080911:function:update-user-lambda:$LATEST",
            "qualified_invoke_arn": "arn:aws:apigateway:us-east-2:lambda:path/2015-03-31/functions/arn:aws:lambda:us-east-2:308488080911:function:update-user-lambda:$LATEST/invocations",
            "region": "us-east-2",
            "replace_security_groups_on_destroy": null,
            "replacement_security_group_ids": null,
            "reserved_concurrent_executions": -1,
            "role": "arn:aws:iam::308488080911:role/ExecutionLamba",
            "runtime": "java17",
            "s3_bucket": null,
            "s3_key": null,
            "s3_object_version": null,
            "signing_job_arn": "",
            "signing_profile_version_arn": "",
            "skip_destroy": false,
            "snap_start": [],
            "source_code_hash": "mU7f6tndpfXAEWiUQ4pGf68ogFVhli1RVMOsCyMCLlA=-3315856267961835653",
            "source_code_size": 36318082,
            "source_kms_key_arn": "",
            "tags": {},
            "tags_all": {},
            "timeout": 900,
            "timeouts": null,
            "tracing_config": [
              {
                "mode": "PassThrough"
              }
            ],
            "version": "$LATEST",
            "vpc_config": []
          },
          "sensitive_attributes": [],
          "private": "eyJlMmJmYjczMC1lY2FhLTExZTYtOGY4OC0zNDM2M2JjN2M0YzAiOnsiY3JlYXRlIjo2MDAwMDAwMDAwMDAsImRlbGV0ZSI6NjAwMDAwMDAwMDAwLCJ1cGRhdGUiOjYwMDAwMDAwMDAwMH19",
          "dependencies": [
            "aws_iam_role.lambda_role",
            "data.aws_iam_policy_document.assume_role",
            "null_resource.lambda_build_trigger"
          ]
        }
      ]
    },
    {
      "mode": "managed",
      "type": "aws_lambda_function",
      "name": "UploadUserPhotoLmb",
      "provider": "provider[\"registry.terraform.io/hashicorp/aws\"]",
      "instances": [
        {
          "schema_version": 0,
          "attributes": {
            "architectures": [
              "x86_64"
            ],
            "arn": "arn:aws:lambda:us-east-2:308488080911:function:upload-avatar-user-lambda",
            "code_sha256": "mU7f6tndpfXAEWiUQ4pGf68ogFVhli1RVMOsCyMCLlA=",
            "code_signing_config_arn": "",
            "dead_letter_config": [],
            "description": "",
            "environment": [
              {
                "variables": {
                  "infernoavatarimagebucket": "infernoavatarimagebucket"
                }
              }
            ],
            "ephemeral_storage": [
              {
                "size": 512
              }
            ],
            "file_system_config": [],
            "filename": "../target/user-service-lambda-jar-with-dependencies.jar",
            "function_name": "upload-avatar-user-lambda",
            "handler": "com.inferno.user_service.handler.UploadAvatarLambda::handleRequest",
            "id": "upload-avatar-user-lambda",
            "image_config": [],
            "image_uri": "",
            "invoke_arn": "arn:aws:apigateway:us-east-2:lambda:path/2015-03-31/functions/arn:aws:lambda:us-east-2:308488080911:function:upload-avatar-user-lambda/invocations",
            "kms_key_arn": "",
            "last_modified": "2025-09-10T05:46:43.000+0000",
            "layers": [],
            "logging_config": [
              {
                "application_log_level": "",
                "log_format": "Text",
                "log_group": "/aws/lambda/upload-avatar-user-lambda",
                "system_log_level": ""
              }
            ],
            "memory_size": 256,
            "package_type": "Zip",
            "publish": false,
            "qualified_arn": "arn:aws:lambda:us-east-2:308488080911:function:upload-avatar-user-lambda:$LATEST",
            "qualified_invoke_arn": "arn:aws:apigateway:us-east-2:lambda:path/2015-03-31/functions/arn:aws:lambda:us-east-2:308488080911:function:upload-avatar-user-lambda:$LATEST/invocations",
            "region": "us-east-2",
            "replace_security_groups_on_destroy": null,
            "replacement_security_group_ids": null,
            "reserved_concurrent_executions": -1,
            "role": "arn:aws:iam::308488080911:role/ExecutionLamba",
            "runtime": "java17",
            "s3_bucket": null,
            "s3_key": null,
            "s3_object_version": null,
            "signing_job_arn": "",
            "signing_profile_version_arn": "",
            "skip_destroy": false,
            "snap_start": [],
            "source_code_hash": "mU7f6tndpfXAEWiUQ4pGf68ogFVhli1RVMOsCyMCLlA=-3315856267961835653",
            "source_code_size": 36318082,
            "source_kms_key_arn": "",
            "tags": {},
            "tags_all": {},
            "timeout": 900,
            "timeouts": null,
            "tracing_config": [
              {
                "mode": "PassThrough"
              }
            ],
            "version": "$LATEST",
            "vpc_config": []
          },
          "sensitive_attributes": [],
          "private": "eyJlMmJmYjczMC1lY2FhLTExZTYtOGY4OC0zNDM2M2JjN2M0YzAiOnsiY3JlYXRlIjo2MDAwMDAwMDAwMDAsImRlbGV0ZSI6NjAwMDAwMDAwMDAwLCJ1cGRhdGUiOjYwMDAwMDAwMDAwMH19",
          "dependencies": [
            "aws_iam_role.lambda_role",
            "aws_s3_bucket.AvatarBucket",
            "data.aws_iam_policy_document.assume_role",
            "null_resource.lambda_build_trigger"
          ]
        }
      ]
    },
    {
      "mode": "managed",
      "type": "aws_lambda_permission",
      "name": "ApiGwLambdaGetUser",
      "provider": "provider[\"registry.terraform.io/hashicorp/aws\"]",
      "instances": [
        {
          "schema_version": 0,
          "attributes": {
            "action": "lambda:InvokeFunction",
            "event_source_token": null,
            "function_name": "get-profile-user-lambda",
            "function_url_auth_type": null,
            "id": "AllowExcutionFromAPIGateway",
            "principal": "apigateway.amazonaws.com",
            "principal_org_id": null,
            "qualifier": "",
            "region": "us-east-2",
            "source_account": null,
            "source_arn": "arn:aws:execute-api:us-east-2:308488080911:v7hjhcn0ej/*/GET/profile/*",
            "statement_id": "AllowExcutionFromAPIGateway",
            "statement_id_prefix": ""
          },
          "sensitive_attributes": [],
          "private": "bnVsbA==",
          "dependencies": [
            "aws_api_gateway_resource.GetUserResource",
            "aws_api_gateway_rest_api.UserGetApi"
          ]
        }
      ]
    },
    {
      "mode": "managed",
      "type": "aws_lambda_permission",
      "name": "ApiGwLambdaLoginUser",
      "provider": "provider[\"registry.terraform.io/hashicorp/aws\"]",
      "instances": [
        {
          "schema_version": 0,
          "attributes": {
            "action": "lambda:InvokeFunction",
            "event_source_token": null,
            "function_name": "login-user-lambda",
            "function_url_auth_type": null,
            "id": "AllowExcutionFromAPIGateway",
            "principal": "apigateway.amazonaws.com",
            "principal_org_id": null,
            "qualifier": "",
            "region": "us-east-2",
            "source_account": null,
            "source_arn": "arn:aws:execute-api:us-east-2:308488080911:akhmew3pv1/*/POST/login",
            "statement_id": "AllowExcutionFromAPIGateway",
            "statement_id_prefix": ""
          },
          "sensitive_attributes": [],
          "private": "bnVsbA==",
          "dependencies": [
            "aws_api_gateway_resource.LoginUserResource",
            "aws_api_gateway_rest_api.UserLoginApi"
          ]
        }
      ]
    },
    {
      "mode": "managed",
      "type": "aws_lambda_permission",
      "name": "ApiGwLambdaRegisterUser",
      "provider": "provider[\"registry.terraform.io/hashicorp/aws\"]",
      "instances": [
        {
          "schema_version": 0,
          "attributes": {
            "action": "lambda:InvokeFunction",
            "event_source_token": null,
            "function_name": "register-user-lambda",
            "function_url_auth_type": null,
            "id": "AllowExcutionFromAPIGateway",
            "principal": "apigateway.amazonaws.com",
            "principal_org_id": null,
            "qualifier": "",
            "region": "us-east-2",
            "source_account": null,
            "source_arn": "arn:aws:execute-api:us-east-2:308488080911:sdamtp8yo3/*/POST/register",
            "statement_id": "AllowExcutionFromAPIGateway",
            "statement_id_prefix": ""
          },
          "sensitive_attributes": [],
          "private": "bnVsbA==",
          "dependencies": [
            "aws_api_gateway_resource.CreateUser",
            "aws_api_gateway_rest_api.UserRegisterApi"
          ]
        }
      ]
    },
    {
      "mode": "managed",
      "type": "aws_lambda_permission",
      "name": "ApiGwLambdaUpdateUser",
      "provider": "provider[\"registry.terraform.io/hashicorp/aws\"]",
      "instances": [
        {
          "schema_version": 0,
          "attributes": {
            "action": "lambda:InvokeFunction",
            "event_source_token": null,
            "function_name": "update-user-lambda",
            "function_url_auth_type": null,
            "id": "AllowExcutionFromAPIGateway",
            "principal": "apigateway.amazonaws.com",
            "principal_org_id": null,
            "qualifier": "",
            "region": "us-east-2",
            "source_account": null,
            "source_arn": "arn:aws:execute-api:us-east-2:308488080911:dppejwy8a1/*/PUT/profile/*",
            "statement_id": "AllowExcutionFromAPIGateway",
            "statement_id_prefix": ""
          },
          "sensitive_attributes": [],
          "private": "bnVsbA==",
          "dependencies": [
            "aws_api_gateway_resource.UpdateUserResource",
            "aws_api_gateway_rest_api.UserUpdateApi"
          ]
        }
      ]
    },
    {
      "mode": "managed",
      "type": "aws_lambda_permission",
      "name": "ApiGwLambdaUploadUser",
      "provider": "provider[\"registry.terraform.io/hashicorp/aws\"]",
      "instances": [
        {
          "schema_version": 0,
          "attributes": {
            "action": "lambda:InvokeFunction",
            "event_source_token": null,
            "function_name": "upload-avatar-user-lambda",
            "function_url_auth_type": null,
            "id": "AllowExcutionFromAPIGateway",
            "principal": "apigateway.amazonaws.com",
            "principal_org_id": null,
            "qualifier": "",
            "region": "us-east-2",
            "source_account": null,
            "source_arn": "arn:aws:execute-api:us-east-2:308488080911:liuisg70kg/*/POST/profile/*",
            "statement_id": "AllowExcutionFromAPIGateway",
            "statement_id_prefix": ""
          },
          "sensitive_attributes": [],
          "private": "bnVsbA==",
          "dependencies": [
            "aws_api_gateway_resource.UploadUserResource",
            "aws_api_gateway_rest_api.UserUploadApi"
          ]
        }
      ]
    },
    {
      "mode": "managed",
      "type": "aws_s3_bucket",
      "name": "AvatarBucket",
      "provider": "provider[\"registry.terraform.io/hashicorp/aws\"]",
      "instances": [
        {
          "schema_version": 0,
          "attributes": {
            "acceleration_status": "",
            "acl": null,
            "arn": "arn:aws:s3:::infernoavatarimagebucket",
            "bucket": "infernoavatarimagebucket",
            "bucket_domain_name": "infernoavatarimagebucket.s3.amazonaws.com",
            "bucket_prefix": "",
            "bucket_region": "us-east-2",
            "bucket_regional_domain_name": "infernoavatarimagebucket.s3.us-east-2.amazonaws.com",
            "cors_rule": [],
            "force_destroy": false,
            "grant": [
              {
                "id": "0f75b50fb020ccd7d6e819a9b5fb491ec8dc482b162dca16c25da89a06b31703",
                "permissions": [
                  "FULL_CONTROL"
                ],
                "type": "CanonicalUser",
                "uri": ""
              }
            ],
            "hosted_zone_id": "Z2O1EMRO9K5GLX",
            "id": "infernoavatarimagebucket",
            "lifecycle_rule": [],
            "logging": [],
            "object_lock_configuration": [],
            "object_lock_enabled": false,
            "policy": "",
            "region": "us-east-2",
            "replication_configuration": [],
            "request_payer": "BucketOwner",
            "server_side_encryption_configuration": [
              {
                "rule": [
                  {
                    "apply_server_side_encryption_by_default": [
                      {
                        "kms_master_key_id": "",
                        "sse_algorithm": "AES256"
                      }
                    ],
                    "bucket_key_enabled": false
                  }
                ]
              }
            ],
            "tags": {},
            "tags_all": {},
            "timeouts": null,
            "versioning": [
              {
                "enabled": false,
                "mfa_delete": false
              }
            ],
            "website": [],
            "website_domain": null,
            "website_endpoint": null
          },
          "sensitive_attributes": [],
          "private": "eyJlMmJmYjczMC1lY2FhLTExZTYtOGY4OC0zNDM2M2JjN2M0YzAiOnsiY3JlYXRlIjoxMjAwMDAwMDAwMDAwLCJkZWxldGUiOjM2MDAwMDAwMDAwMDAsInJlYWQiOjEyMDAwMDAwMDAwMDAsInVwZGF0ZSI6MTIwMDAwMDAwMDAwMH19"
        }
      ]
    },
    {
      "mode": "managed",
      "type": "aws_secretsmanager_secret",
      "name": "jwt_secret",
      "provider": "provider[\"registry.terraform.io/hashicorp/aws\"]",
      "instances": [
        {
          "schema_version": 0,
          "attributes": {
            "arn": "arn:aws:secretsmanager:us-east-2:308488080911:secret:jwtSecret2-g9zcCG",
            "description": "",
            "force_overwrite_replica_secret": false,
            "id": "arn:aws:secretsmanager:us-east-2:308488080911:secret:jwtSecret2-g9zcCG",
            "kms_key_id": "",
            "name": "jwtSecret2",
            "name_prefix": "",
            "policy": "",
            "recovery_window_in_days": 30,
            "region": "us-east-2",
            "replica": [],
            "tags": {},
            "tags_all": {}
          },
          "sensitive_attributes": [],
          "private": "bnVsbA=="
        }
      ]
    },
    {
      "mode": "managed",
      "type": "aws_secretsmanager_secret_version",
      "name": "jwt_secret_version",
      "provider": "provider[\"registry.terraform.io/hashicorp/aws\"]",
      "instances": [
        {
          "schema_version": 0,
          "attributes": {
            "arn": "arn:aws:secretsmanager:us-east-2:308488080911:secret:jwtSecret2-g9zcCG",
            "has_secret_string_wo": null,
            "id": "arn:aws:secretsmanager:us-east-2:308488080911:secret:jwtSecret2-g9zcCG|terraform-20250910050042760200000002",
            "region": "us-east-2",
            "secret_binary": "",
            "secret_id": "arn:aws:secretsmanager:us-east-2:308488080911:secret:jwtSecret2-g9zcCG",
            "secret_string": "{\"JWT_SECRET\":\"aEIu9S7cvZUnPJWezau3rKUCxj4BLtpCVzhVSyam93prJOxofs7688P0OD5tmTIsLL6u7G9HpXvT\"}",
            "secret_string_wo": null,
            "secret_string_wo_version": null,
            "version_id": "terraform-20250910050042760200000002",
            "version_stages": [
              "AWSCURRENT"
            ]
          },
          "sensitive_attributes": [
            [
              {
                "type": "get_attr",
                "value": "secret_binary"
              }
            ],
            [
              {
                "type": "get_attr",
                "value": "secret_string_wo"
              }
            ],
            [
              {
                "type": "get_attr",
                "value": "secret_string"
              }
            ]
          ],
          "private": "bnVsbA==",
          "dependencies": [
            "aws_secretsmanager_secret.jwt_secret"
          ]
        }
      ]
    },
    {
      "mode": "managed",
      "type": "null_resource",
      "name": "lambda_build_trigger",
      "provider": "provider[\"registry.terraform.io/hashicorp/null\"]",
      "instances": [
        {
          "schema_version": 0,
          "attributes": {
            "id": "3315856267961835653",
            "triggers": {
              "build_number": "2025-09-10T05:44:57Z"
            }
          },
          "sensitive_attributes": []
        }
      ]
    }
  ],
  "check_results": null
}
