{
  "version": 4,
  "terraform_version": "1.8.0",
  "serial": 599,
  "lineage": "be105d65-773f-af2d-e414-1a1d7b667f02",
  "outputs": {
    "card_activate_endpoint": {
      "value": "https://9kmh52ohqg.execute-api.us-east-2.amazonaws.com/prod/card/activate",
      "type": "string"
    },
    "card_create_endpoint": {
      "value": "https://5ijhgybl79.execute-api.us-east-2.amazonaws.com/prod/cards/request",
      "type": "string"
    },
    "card_paid_endpoint": {
      "value": "https://u7y5b7s9h5.execute-api.us-east-2.amazonaws.com/card/paid/{card_id}",
      "type": "string"
    },
    "card_transaction_purchase_endpoint": {
      "value": "https://v5h6q897r2.execute-api.us-east-2.amazonaws.com/transaction/purchase",
      "type": "string"
    },
    "card_transaction_save_endpoint": {
      "value": "https://a3iikkvakf.execute-api.us-east-2.amazonaws.com/transaction/save/{card_id}",
      "type": "string"
    },
    "get_card_endpoint": {
      "value": "https://jo9pd89ssf.execute-api.us-east-2.amazonaws.com/card/profile/{card_id}",
      "type": "string"
    }
  },
  "resources": [
    {
      "mode": "data",
      "type": "aws_iam_policy_document",
      "name": "assume_role",
      "provider": "provider[\"registry.terraform.io/hashicorp/aws\"]",
      "instances": [
        {
          "schema_version": 0,
          "attributes": {
            "id": "2690255455",
            "json": "{\n  \"Version\": \"2012-10-17\",\n  \"Statement\": [\n    {\n      \"Effect\": \"Allow\",\n      \"Action\": \"sts:AssumeRole\",\n      \"Principal\": {\n        \"Service\": \"lambda.amazonaws.com\"\n      }\n    }\n  ]\n}",
            "minified_json": "{\"Version\":\"2012-10-17\",\"Statement\":[{\"Effect\":\"Allow\",\"Action\":\"sts:AssumeRole\",\"Principal\":{\"Service\":\"lambda.amazonaws.com\"}}]}",
            "override_json": null,
            "override_policy_documents": null,
            "policy_id": null,
            "source_json": null,
            "source_policy_documents": null,
            "statement": [
              {
                "actions": [
                  "sts:AssumeRole"
                ],
                "condition": [],
                "effect": "Allow",
                "not_actions": [],
                "not_principals": [],
                "not_resources": [],
                "principals": [
                  {
                    "identifiers": [
                      "lambda.amazonaws.com"
                    ],
                    "type": "Service"
                  }
                ],
                "resources": [],
                "sid": ""
              }
            ],
            "version": "2012-10-17"
          },
          "sensitive_attributes": []
        }
      ]
    },
    {
      "mode": "data",
      "type": "aws_iam_policy_document",
      "name": "s3_policy",
      "provider": "provider[\"registry.terraform.io/hashicorp/aws\"]",
      "instances": [
        {
          "schema_version": 0,
          "attributes": {
            "id": "3022686733",
            "json": "{\n  \"Version\": \"2012-10-17\",\n  \"Statement\": [\n    {\n      \"Effect\": \"Allow\",\n      \"Action\": [\n        \"s3:PutObject\",\n        \"s3:GetObject\",\n        \"s3:DeleteObject\"\n      ],\n      \"Resource\": \"arn:aws:s3:::inferno-bank-transactions-report-bucket/*\"\n    }\n  ]\n}",
            "minified_json": "{\"Version\":\"2012-10-17\",\"Statement\":[{\"Effect\":\"Allow\",\"Action\":[\"s3:PutObject\",\"s3:GetObject\",\"s3:DeleteObject\"],\"Resource\":\"arn:aws:s3:::inferno-bank-transactions-report-bucket/*\"}]}",
            "override_json": null,
            "override_policy_documents": null,
            "policy_id": null,
            "source_json": null,
            "source_policy_documents": null,
            "statement": [
              {
                "actions": [
                  "s3:DeleteObject",
                  "s3:GetObject",
                  "s3:PutObject"
                ],
                "condition": [],
                "effect": "Allow",
                "not_actions": [],
                "not_principals": [],
                "not_resources": [],
                "principals": [],
                "resources": [
                  "arn:aws:s3:::inferno-bank-transactions-report-bucket/*"
                ],
                "sid": ""
              }
            ],
            "version": "2012-10-17"
          },
          "sensitive_attributes": []
        }
      ]
    },
    {
      "mode": "managed",
      "type": "aws_api_gateway_deployment",
      "name": "CardActivateApiDeployment",
      "provider": "provider[\"registry.terraform.io/hashicorp/aws\"]",
      "instances": [
        {
          "schema_version": 0,
          "attributes": {
            "created_date": "2025-10-11T05:32:12Z",
            "description": "",
            "id": "w0r4yd",
            "region": "us-east-2",
            "rest_api_id": "9kmh52ohqg",
            "triggers": null,
            "variables": null
          },
          "sensitive_attributes": [],
          "private": "bnVsbA==",
          "dependencies": [
            "aws_api_gateway_integration.CardActivateIntegration",
            "aws_api_gateway_method.CardActivateMethod",
            "aws_api_gateway_resource.CardActivateResource",
            "aws_api_gateway_resource.CardResource",
            "aws_api_gateway_rest_api.CardActivateApi",
            "aws_iam_role.lambda_role",
            "aws_lambda_function.card_activate_lambda",
            "data.aws_iam_policy_document.assume_role",
            "null_resource.lambda_build_trigger"
          ]
        }
      ]
    },
    {
      "mode": "managed",
      "type": "aws_api_gateway_deployment",
      "name": "CardCreateApiDeployment",
      "provider": "provider[\"registry.terraform.io/hashicorp/aws\"]",
      "instances": [
        {
          "schema_version": 0,
          "attributes": {
            "created_date": "2025-10-11T05:32:01Z",
            "description": "",
            "id": "728m07",
            "region": "us-east-2",
            "rest_api_id": "5ijhgybl79",
            "triggers": null,
            "variables": null
          },
          "sensitive_attributes": [],
          "private": "bnVsbA==",
          "dependencies": [
            "aws_api_gateway_integration.CardRequestIntegration",
            "aws_api_gateway_method.CardRequestMethod",
            "aws_api_gateway_resource.CardRequestResource",
            "aws_api_gateway_resource.CardsResource",
            "aws_api_gateway_rest_api.CardCreateApi",
            "aws_iam_role.lambda_role",
            "aws_lambda_function.CreateCardLmb",
            "aws_s3_bucket.transactions_reports",
            "aws_sqs_queue.card_dlq",
            "aws_sqs_queue.create_request_queue",
            "data.aws_iam_policy_document.assume_role",
            "null_resource.lambda_build_trigger"
          ]
        }
      ]
    },
    {
      "mode": "managed",
      "type": "aws_api_gateway_deployment",
      "name": "CardPaidApiDeployment",
      "provider": "provider[\"registry.terraform.io/hashicorp/aws\"]",
      "instances": [
        {
          "schema_version": 0,
          "attributes": {
            "created_date": "2025-10-13T03:01:43Z",
            "description": "",
            "id": "4hekcg",
            "region": "us-east-2",
            "rest_api_id": "u7y5b7s9h5",
            "triggers": null,
            "variables": null
          },
          "sensitive_attributes": [],
          "private": "bnVsbA==",
          "dependencies": [
            "aws_api_gateway_integration.CardPaidIntegration",
            "aws_api_gateway_method.CardPaidMethod",
            "aws_api_gateway_resource.CardPaidCardIdResource",
            "aws_api_gateway_resource.CardPaidResource",
            "aws_api_gateway_rest_api.CardPaidApi",
            "aws_iam_role.lambda_role",
            "aws_lambda_function.CardPaidCreditLmb",
            "data.aws_iam_policy_document.assume_role",
            "null_resource.lambda_build_trigger"
          ]
        }
      ]
    },
    {
      "mode": "managed",
      "type": "aws_api_gateway_deployment",
      "name": "CardTransactionPurchaseApiDeployment",
      "provider": "provider[\"registry.terraform.io/hashicorp/aws\"]",
      "instances": [
        {
          "schema_version": 0,
          "attributes": {
            "created_date": "2025-10-13T03:01:32Z",
            "description": "",
            "id": "egpido",
            "region": "us-east-2",
            "rest_api_id": "v5h6q897r2",
            "triggers": null,
            "variables": null
          },
          "sensitive_attributes": [],
          "private": "bnVsbA==",
          "dependencies": [
            "aws_api_gateway_integration.CardTransactionPurchaseIntegration",
            "aws_api_gateway_method.CardTransactionPurchaseMethod",
            "aws_api_gateway_resource.CardTransactionPurchaseResource",
            "aws_api_gateway_rest_api.CardTransactionPurchaseApi",
            "aws_iam_role.lambda_role",
            "aws_lambda_function.CardPurchaseLmb",
            "data.aws_iam_policy_document.assume_role",
            "null_resource.lambda_build_trigger"
          ]
        }
      ]
    },
    {
      "mode": "managed",
      "type": "aws_api_gateway_deployment",
      "name": "CardTransactionSaveApiDeployment",
      "provider": "provider[\"registry.terraform.io/hashicorp/aws\"]",
      "instances": [
        {
          "schema_version": 0,
          "attributes": {
            "created_date": "2025-10-13T03:00:48Z",
            "description": "",
            "id": "0stwj2",
            "region": "us-east-2",
            "rest_api_id": "a3iikkvakf",
            "triggers": null,
            "variables": null
          },
          "sensitive_attributes": [],
          "private": "bnVsbA==",
          "dependencies": [
            "aws_api_gateway_integration.CardTransactionSaveIntegration",
            "aws_api_gateway_method.CardTransactionSaveMethod",
            "aws_api_gateway_resource.CardTransactionSaveCardIdResource",
            "aws_api_gateway_resource.CardTransactionSaveResource",
            "aws_api_gateway_rest_api.CardTransactionSaveApi",
            "aws_iam_role.lambda_role",
            "aws_lambda_function.CardTransactionSaveLmb",
            "data.aws_iam_policy_document.assume_role",
            "null_resource.lambda_build_trigger"
          ]
        }
      ]
    },
    {
      "mode": "managed",
      "type": "aws_api_gateway_deployment",
      "name": "GetCardApiDeployment",
      "provider": "provider[\"registry.terraform.io/hashicorp/aws\"]",
      "instances": [
        {
          "schema_version": 0,
          "attributes": {
            "created_date": "2025-10-13T04:20:45Z",
            "description": "",
            "id": "d855a5",
            "region": "us-east-2",
            "rest_api_id": "jo9pd89ssf",
            "triggers": null,
            "variables": null
          },
          "sensitive_attributes": [],
          "private": "bnVsbA==",
          "dependencies": [
            "aws_api_gateway_integration.GetCardIntegration",
            "aws_api_gateway_method.GetCardMethod",
            "aws_api_gateway_resource.GetCardIdResource",
            "aws_api_gateway_resource.GetCardResource",
            "aws_api_gateway_rest_api.GetCardApi",
            "aws_iam_role.lambda_role",
            "aws_lambda_function.GetCardLmb",
            "data.aws_iam_policy_document.assume_role",
            "null_resource.lambda_build_trigger"
          ]
        }
      ]
    },
    {
      "mode": "managed",
      "type": "aws_api_gateway_integration",
      "name": "CardActivateIntegration",
      "provider": "provider[\"registry.terraform.io/hashicorp/aws\"]",
      "instances": [
        {
          "schema_version": 0,
          "attributes": {
            "cache_key_parameters": [],
            "cache_namespace": "x9zv91",
            "connection_id": "",
            "connection_type": "INTERNET",
            "content_handling": "",
            "credentials": "",
            "http_method": "POST",
            "id": "agi-9kmh52ohqg-x9zv91-POST",
            "integration_http_method": "POST",
            "passthrough_behavior": "WHEN_NO_MATCH",
            "region": "us-east-2",
            "request_parameters": {},
            "request_templates": {},
            "resource_id": "x9zv91",
            "rest_api_id": "9kmh52ohqg",
            "timeout_milliseconds": 29000,
            "tls_config": [],
            "type": "AWS_PROXY",
            "uri": "arn:aws:apigateway:us-east-2:lambda:path/2015-03-31/functions/arn:aws:lambda:us-east-2:308488080911:function:card-activate-lambda/invocations"
          },
          "sensitive_attributes": [],
          "private": "bnVsbA==",
          "dependencies": [
            "aws_api_gateway_method.CardActivateMethod",
            "aws_api_gateway_resource.CardActivateResource",
            "aws_api_gateway_resource.CardResource",
            "aws_api_gateway_rest_api.CardActivateApi",
            "aws_iam_role.lambda_role",
            "aws_lambda_function.card_activate_lambda",
            "data.aws_iam_policy_document.assume_role",
            "null_resource.lambda_build_trigger"
          ]
        }
      ]
    },
    {
      "mode": "managed",
      "type": "aws_api_gateway_integration",
      "name": "CardPaidIntegration",
      "provider": "provider[\"registry.terraform.io/hashicorp/aws\"]",
      "instances": [
        {
          "schema_version": 0,
          "attributes": {
            "cache_key_parameters": [],
            "cache_namespace": "tk0n00",
            "connection_id": "",
            "connection_type": "INTERNET",
            "content_handling": "",
            "credentials": "",
            "http_method": "POST",
            "id": "agi-u7y5b7s9h5-tk0n00-POST",
            "integration_http_method": "POST",
            "passthrough_behavior": "WHEN_NO_MATCH",
            "region": "us-east-2",
            "request_parameters": {},
            "request_templates": {},
            "resource_id": "tk0n00",
            "rest_api_id": "u7y5b7s9h5",
            "timeout_milliseconds": 29000,
            "tls_config": [],
            "type": "AWS_PROXY",
            "uri": "arn:aws:apigateway:us-east-2:lambda:path/2015-03-31/functions/arn:aws:lambda:us-east-2:308488080911:function:card-paid-credit-card-lambda/invocations"
          },
          "sensitive_attributes": [],
          "private": "bnVsbA==",
          "dependencies": [
            "aws_api_gateway_method.CardPaidMethod",
            "aws_api_gateway_resource.CardPaidCardIdResource",
            "aws_api_gateway_resource.CardPaidResource",
            "aws_api_gateway_rest_api.CardPaidApi",
            "aws_iam_role.lambda_role",
            "aws_lambda_function.CardPaidCreditLmb",
            "data.aws_iam_policy_document.assume_role",
            "null_resource.lambda_build_trigger"
          ]
        }
      ]
    },
    {
      "mode": "managed",
      "type": "aws_api_gateway_integration",
      "name": "CardRequestIntegration",
      "provider": "provider[\"registry.terraform.io/hashicorp/aws\"]",
      "instances": [
        {
          "schema_version": 0,
          "attributes": {
            "cache_key_parameters": [],
            "cache_namespace": "vfyeut",
            "connection_id": "",
            "connection_type": "INTERNET",
            "content_handling": "",
            "credentials": "",
            "http_method": "POST",
            "id": "agi-5ijhgybl79-vfyeut-POST",
            "integration_http_method": "POST",
            "passthrough_behavior": "WHEN_NO_MATCH",
            "region": "us-east-2",
            "request_parameters": {},
            "request_templates": {},
            "resource_id": "vfyeut",
            "rest_api_id": "5ijhgybl79",
            "timeout_milliseconds": 29000,
            "tls_config": [],
            "type": "AWS_PROXY",
            "uri": "arn:aws:apigateway:us-east-2:lambda:path/2015-03-31/functions/arn:aws:lambda:us-east-2:308488080911:function:create-card-request-lambda/invocations"
          },
          "sensitive_attributes": [],
          "private": "bnVsbA==",
          "dependencies": [
            "aws_api_gateway_method.CardRequestMethod",
            "aws_api_gateway_resource.CardRequestResource",
            "aws_api_gateway_resource.CardsResource",
            "aws_api_gateway_rest_api.CardCreateApi",
            "aws_iam_role.lambda_role",
            "aws_lambda_function.CreateCardLmb",
            "aws_s3_bucket.transactions_reports",
            "aws_sqs_queue.card_dlq",
            "aws_sqs_queue.create_request_queue",
            "data.aws_iam_policy_document.assume_role",
            "null_resource.lambda_build_trigger"
          ]
        }
      ]
    },
    {
      "mode": "managed",
      "type": "aws_api_gateway_integration",
      "name": "CardTransactionPurchaseIntegration",
      "provider": "provider[\"registry.terraform.io/hashicorp/aws\"]",
      "instances": [
        {
          "schema_version": 0,
          "attributes": {
            "cache_key_parameters": [],
            "cache_namespace": "epyn1d",
            "connection_id": "",
            "connection_type": "INTERNET",
            "content_handling": "",
            "credentials": "",
            "http_method": "POST",
            "id": "agi-v5h6q897r2-epyn1d-POST",
            "integration_http_method": "POST",
            "passthrough_behavior": "WHEN_NO_MATCH",
            "region": "us-east-2",
            "request_parameters": {},
            "request_templates": {},
            "resource_id": "epyn1d",
            "rest_api_id": "v5h6q897r2",
            "timeout_milliseconds": 29000,
            "tls_config": [],
            "type": "AWS_PROXY",
            "uri": "arn:aws:apigateway:us-east-2:lambda:path/2015-03-31/functions/arn:aws:lambda:us-east-2:308488080911:function:card-purchase-lambda/invocations"
          },
          "sensitive_attributes": [],
          "private": "bnVsbA==",
          "dependencies": [
            "aws_api_gateway_method.CardTransactionPurchaseMethod",
            "aws_api_gateway_resource.CardTransactionPurchaseResource",
            "aws_api_gateway_rest_api.CardTransactionPurchaseApi",
            "aws_iam_role.lambda_role",
            "aws_lambda_function.CardPurchaseLmb",
            "data.aws_iam_policy_document.assume_role",
            "null_resource.lambda_build_trigger"
          ]
        }
      ]
    },
    {
      "mode": "managed",
      "type": "aws_api_gateway_integration",
      "name": "CardTransactionSaveIntegration",
      "provider": "provider[\"registry.terraform.io/hashicorp/aws\"]",
      "instances": [
        {
          "schema_version": 0,
          "attributes": {
            "cache_key_parameters": [],
            "cache_namespace": "vszg53",
            "connection_id": "",
            "connection_type": "INTERNET",
            "content_handling": "",
            "credentials": "",
            "http_method": "POST",
            "id": "agi-a3iikkvakf-vszg53-POST",
            "integration_http_method": "POST",
            "passthrough_behavior": "WHEN_NO_MATCH",
            "region": "us-east-2",
            "request_parameters": {},
            "request_templates": {},
            "resource_id": "vszg53",
            "rest_api_id": "a3iikkvakf",
            "timeout_milliseconds": 29000,
            "tls_config": [],
            "type": "AWS_PROXY",
            "uri": "arn:aws:apigateway:us-east-2:lambda:path/2015-03-31/functions/arn:aws:lambda:us-east-2:308488080911:function:card-transaction-save-lambda/invocations"
          },
          "sensitive_attributes": [],
          "private": "bnVsbA==",
          "dependencies": [
            "aws_api_gateway_method.CardTransactionSaveMethod",
            "aws_api_gateway_resource.CardTransactionSaveCardIdResource",
            "aws_api_gateway_resource.CardTransactionSaveResource",
            "aws_api_gateway_rest_api.CardTransactionSaveApi",
            "aws_iam_role.lambda_role",
            "aws_lambda_function.CardTransactionSaveLmb",
            "data.aws_iam_policy_document.assume_role",
            "null_resource.lambda_build_trigger"
          ]
        }
      ]
    },
    {
      "mode": "managed",
      "type": "aws_api_gateway_integration",
      "name": "GetCardIntegration",
      "provider": "provider[\"registry.terraform.io/hashicorp/aws\"]",
      "instances": [
        {
          "schema_version": 0,
          "attributes": {
            "cache_key_parameters": [],
            "cache_namespace": "9l256d",
            "connection_id": "",
            "connection_type": "INTERNET",
            "content_handling": "",
            "credentials": "",
            "http_method": "GET",
            "id": "agi-jo9pd89ssf-9l256d-GET",
            "integration_http_method": "POST",
            "passthrough_behavior": "WHEN_NO_MATCH",
            "region": "us-east-2",
            "request_parameters": {},
            "request_templates": {},
            "resource_id": "9l256d",
            "rest_api_id": "jo9pd89ssf",
            "timeout_milliseconds": 29000,
            "tls_config": [],
            "type": "AWS_PROXY",
            "uri": "arn:aws:apigateway:us-east-2:lambda:path/2015-03-31/functions/arn:aws:lambda:us-east-2:308488080911:function:get-card-lambda/invocations"
          },
          "sensitive_attributes": [],
          "private": "bnVsbA==",
          "dependencies": [
            "aws_api_gateway_method.GetCardMethod",
            "aws_api_gateway_resource.GetCardIdResource",
            "aws_api_gateway_resource.GetCardResource",
            "aws_api_gateway_rest_api.GetCardApi",
            "aws_iam_role.lambda_role",
            "aws_lambda_function.GetCardLmb",
            "data.aws_iam_policy_document.assume_role",
            "null_resource.lambda_build_trigger"
          ]
        }
      ]
    },
    {
      "mode": "managed",
      "type": "aws_api_gateway_method",
      "name": "CardActivateMethod",
      "provider": "provider[\"registry.terraform.io/hashicorp/aws\"]",
      "instances": [
        {
          "schema_version": 0,
          "attributes": {
            "api_key_required": false,
            "authorization": "NONE",
            "authorization_scopes": [],
            "authorizer_id": "",
            "http_method": "POST",
            "id": "agm-9kmh52ohqg-x9zv91-POST",
            "operation_name": "",
            "region": "us-east-2",
            "request_models": {},
            "request_parameters": {},
            "request_validator_id": "",
            "resource_id": "x9zv91",
            "rest_api_id": "9kmh52ohqg"
          },
          "sensitive_attributes": [],
          "private": "bnVsbA==",
          "dependencies": [
            "aws_api_gateway_resource.CardActivateResource",
            "aws_api_gateway_resource.CardResource",
            "aws_api_gateway_rest_api.CardActivateApi"
          ]
        }
      ]
    },
    {
      "mode": "managed",
      "type": "aws_api_gateway_method",
      "name": "CardPaidMethod",
      "provider": "provider[\"registry.terraform.io/hashicorp/aws\"]",
      "instances": [
        {
          "schema_version": 0,
          "attributes": {
            "api_key_required": false,
            "authorization": "NONE",
            "authorization_scopes": [],
            "authorizer_id": "",
            "http_method": "POST",
            "id": "agm-u7y5b7s9h5-tk0n00-POST",
            "operation_name": "",
            "region": "us-east-2",
            "request_models": {},
            "request_parameters": {},
            "request_validator_id": "",
            "resource_id": "tk0n00",
            "rest_api_id": "u7y5b7s9h5"
          },
          "sensitive_attributes": [],
          "private": "bnVsbA==",
          "dependencies": [
            "aws_api_gateway_resource.CardPaidCardIdResource",
            "aws_api_gateway_resource.CardPaidResource",
            "aws_api_gateway_rest_api.CardPaidApi"
          ]
        }
      ]
    },
    {
      "mode": "managed",
      "type": "aws_api_gateway_method",
      "name": "CardRequestMethod",
      "provider": "provider[\"registry.terraform.io/hashicorp/aws\"]",
      "instances": [
        {
          "schema_version": 0,
          "attributes": {
            "api_key_required": false,
            "authorization": "NONE",
            "authorization_scopes": [],
            "authorizer_id": "",
            "http_method": "POST",
            "id": "agm-5ijhgybl79-vfyeut-POST",
            "operation_name": "",
            "region": "us-east-2",
            "request_models": {},
            "request_parameters": {},
            "request_validator_id": "",
            "resource_id": "vfyeut",
            "rest_api_id": "5ijhgybl79"
          },
          "sensitive_attributes": [],
          "private": "bnVsbA==",
          "dependencies": [
            "aws_api_gateway_resource.CardRequestResource",
            "aws_api_gateway_resource.CardsResource",
            "aws_api_gateway_rest_api.CardCreateApi"
          ]
        }
      ]
    },
    {
      "mode": "managed",
      "type": "aws_api_gateway_method",
      "name": "CardTransactionPurchaseMethod",
      "provider": "provider[\"registry.terraform.io/hashicorp/aws\"]",
      "instances": [
        {
          "schema_version": 0,
          "attributes": {
            "api_key_required": false,
            "authorization": "NONE",
            "authorization_scopes": [],
            "authorizer_id": "",
            "http_method": "POST",
            "id": "agm-v5h6q897r2-epyn1d-POST",
            "operation_name": "",
            "region": "us-east-2",
            "request_models": {},
            "request_parameters": {},
            "request_validator_id": "",
            "resource_id": "epyn1d",
            "rest_api_id": "v5h6q897r2"
          },
          "sensitive_attributes": [],
          "private": "bnVsbA==",
          "dependencies": [
            "aws_api_gateway_resource.CardTransactionPurchaseResource",
            "aws_api_gateway_rest_api.CardTransactionPurchaseApi"
          ]
        }
      ]
    },
    {
      "mode": "managed",
      "type": "aws_api_gateway_method",
      "name": "CardTransactionSaveMethod",
      "provider": "provider[\"registry.terraform.io/hashicorp/aws\"]",
      "instances": [
        {
          "schema_version": 0,
          "attributes": {
            "api_key_required": false,
            "authorization": "NONE",
            "authorization_scopes": [],
            "authorizer_id": "",
            "http_method": "POST",
            "id": "agm-a3iikkvakf-vszg53-POST",
            "operation_name": "",
            "region": "us-east-2",
            "request_models": {},
            "request_parameters": {},
            "request_validator_id": "",
            "resource_id": "vszg53",
            "rest_api_id": "a3iikkvakf"
          },
          "sensitive_attributes": [],
          "private": "bnVsbA==",
          "dependencies": [
            "aws_api_gateway_resource.CardTransactionSaveCardIdResource",
            "aws_api_gateway_resource.CardTransactionSaveResource",
            "aws_api_gateway_rest_api.CardTransactionSaveApi"
          ]
        }
      ]
    },
    {
      "mode": "managed",
      "type": "aws_api_gateway_method",
      "name": "GetCardMethod",
      "provider": "provider[\"registry.terraform.io/hashicorp/aws\"]",
      "instances": [
        {
          "schema_version": 0,
          "attributes": {
            "api_key_required": false,
            "authorization": "NONE",
            "authorization_scopes": [],
            "authorizer_id": "",
            "http_method": "GET",
            "id": "agm-jo9pd89ssf-9l256d-GET",
            "operation_name": "",
            "region": "us-east-2",
            "request_models": {},
            "request_parameters": {},
            "request_validator_id": "",
            "resource_id": "9l256d",
            "rest_api_id": "jo9pd89ssf"
          },
          "sensitive_attributes": [],
          "private": "bnVsbA==",
          "dependencies": [
            "aws_api_gateway_resource.GetCardIdResource",
            "aws_api_gateway_resource.GetCardResource",
            "aws_api_gateway_rest_api.GetCardApi"
          ]
        }
      ]
    },
    {
      "mode": "managed",
      "type": "aws_api_gateway_resource",
      "name": "CardActivateResource",
      "provider": "provider[\"registry.terraform.io/hashicorp/aws\"]",
      "instances": [
        {
          "schema_version": 0,
          "attributes": {
            "id": "x9zv91",
            "parent_id": "ur8o8i",
            "path": "/card/activate",
            "path_part": "activate",
            "region": "us-east-2",
            "rest_api_id": "9kmh52ohqg"
          },
          "sensitive_attributes": [],
          "private": "bnVsbA==",
          "dependencies": [
            "aws_api_gateway_resource.CardResource",
            "aws_api_gateway_rest_api.CardActivateApi"
          ]
        }
      ]
    },
    {
      "mode": "managed",
      "type": "aws_api_gateway_resource",
      "name": "CardPaidCardIdResource",
      "provider": "provider[\"registry.terraform.io/hashicorp/aws\"]",
      "instances": [
        {
          "schema_version": 0,
          "attributes": {
            "id": "tk0n00",
            "parent_id": "5n1fgt",
            "path": "/paid/{card_id}",
            "path_part": "{card_id}",
            "region": "us-east-2",
            "rest_api_id": "u7y5b7s9h5"
          },
          "sensitive_attributes": [],
          "private": "bnVsbA==",
          "dependencies": [
            "aws_api_gateway_resource.CardPaidResource",
            "aws_api_gateway_rest_api.CardPaidApi"
          ]
        }
      ]
    },
    {
      "mode": "managed",
      "type": "aws_api_gateway_resource",
      "name": "CardPaidResource",
      "provider": "provider[\"registry.terraform.io/hashicorp/aws\"]",
      "instances": [
        {
          "schema_version": 0,
          "attributes": {
            "id": "5n1fgt",
            "parent_id": "6g5xk8p785",
            "path": "/paid",
            "path_part": "paid",
            "region": "us-east-2",
            "rest_api_id": "u7y5b7s9h5"
          },
          "sensitive_attributes": [],
          "private": "bnVsbA==",
          "dependencies": [
            "aws_api_gateway_rest_api.CardPaidApi"
          ]
        }
      ]
    },
    {
      "mode": "managed",
      "type": "aws_api_gateway_resource",
      "name": "CardRequestResource",
      "provider": "provider[\"registry.terraform.io/hashicorp/aws\"]",
      "instances": [
        {
          "schema_version": 0,
          "attributes": {
            "id": "vfyeut",
            "parent_id": "une1mo",
            "path": "/cards/request",
            "path_part": "request",
            "region": "us-east-2",
            "rest_api_id": "5ijhgybl79"
          },
          "sensitive_attributes": [],
          "private": "bnVsbA==",
          "dependencies": [
            "aws_api_gateway_resource.CardsResource",
            "aws_api_gateway_rest_api.CardCreateApi"
          ]
        }
      ]
    },
    {
      "mode": "managed",
      "type": "aws_api_gateway_resource",
      "name": "CardResource",
      "provider": "provider[\"registry.terraform.io/hashicorp/aws\"]",
      "instances": [
        {
          "schema_version": 0,
          "attributes": {
            "id": "ur8o8i",
            "parent_id": "zxo3hu8ua3",
            "path": "/card",
            "path_part": "card",
            "region": "us-east-2",
            "rest_api_id": "9kmh52ohqg"
          },
          "sensitive_attributes": [],
          "private": "bnVsbA==",
          "dependencies": [
            "aws_api_gateway_rest_api.CardActivateApi"
          ]
        }
      ]
    },
    {
      "mode": "managed",
      "type": "aws_api_gateway_resource",
      "name": "CardTransactionPurchaseResource",
      "provider": "provider[\"registry.terraform.io/hashicorp/aws\"]",
      "instances": [
        {
          "schema_version": 0,
          "attributes": {
            "id": "epyn1d",
            "parent_id": "rs28imhe5c",
            "path": "/purchase",
            "path_part": "purchase",
            "region": "us-east-2",
            "rest_api_id": "v5h6q897r2"
          },
          "sensitive_attributes": [],
          "private": "bnVsbA==",
          "dependencies": [
            "aws_api_gateway_rest_api.CardTransactionPurchaseApi"
          ]
        }
      ]
    },
    {
      "mode": "managed",
      "type": "aws_api_gateway_resource",
      "name": "CardTransactionSaveCardIdResource",
      "provider": "provider[\"registry.terraform.io/hashicorp/aws\"]",
      "instances": [
        {
          "schema_version": 0,
          "attributes": {
            "id": "vszg53",
            "parent_id": "gw4o1e",
            "path": "/save/{card_id}",
            "path_part": "{card_id}",
            "region": "us-east-2",
            "rest_api_id": "a3iikkvakf"
          },
          "sensitive_attributes": [],
          "private": "bnVsbA==",
          "dependencies": [
            "aws_api_gateway_resource.CardTransactionSaveResource",
            "aws_api_gateway_rest_api.CardTransactionSaveApi"
          ]
        }
      ]
    },
    {
      "mode": "managed",
      "type": "aws_api_gateway_resource",
      "name": "CardTransactionSaveResource",
      "provider": "provider[\"registry.terraform.io/hashicorp/aws\"]",
      "instances": [
        {
          "schema_version": 0,
          "attributes": {
            "id": "gw4o1e",
            "parent_id": "v45w8scxfl",
            "path": "/save",
            "path_part": "save",
            "region": "us-east-2",
            "rest_api_id": "a3iikkvakf"
          },
          "sensitive_attributes": [],
          "private": "bnVsbA==",
          "dependencies": [
            "aws_api_gateway_rest_api.CardTransactionSaveApi"
          ]
        }
      ]
    },
    {
      "mode": "managed",
      "type": "aws_api_gateway_resource",
      "name": "CardsResource",
      "provider": "provider[\"registry.terraform.io/hashicorp/aws\"]",
      "instances": [
        {
          "schema_version": 0,
          "attributes": {
            "id": "une1mo",
            "parent_id": "uyzbbyfpz7",
            "path": "/cards",
            "path_part": "cards",
            "region": "us-east-2",
            "rest_api_id": "5ijhgybl79"
          },
          "sensitive_attributes": [],
          "private": "bnVsbA==",
          "dependencies": [
            "aws_api_gateway_rest_api.CardCreateApi"
          ]
        }
      ]
    },
    {
      "mode": "managed",
      "type": "aws_api_gateway_resource",
      "name": "GetCardIdResource",
      "provider": "provider[\"registry.terraform.io/hashicorp/aws\"]",
      "instances": [
        {
          "schema_version": 0,
          "attributes": {
            "id": "9l256d",
            "parent_id": "yv90jq",
            "path": "/profile/{card_id}",
            "path_part": "{card_id}",
            "region": "us-east-2",
            "rest_api_id": "jo9pd89ssf"
          },
          "sensitive_attributes": [],
          "private": "bnVsbA==",
          "dependencies": [
            "aws_api_gateway_resource.GetCardResource",
            "aws_api_gateway_rest_api.GetCardApi"
          ]
        }
      ]
    },
    {
      "mode": "managed",
      "type": "aws_api_gateway_resource",
      "name": "GetCardResource",
      "provider": "provider[\"registry.terraform.io/hashicorp/aws\"]",
      "instances": [
        {
          "schema_version": 0,
          "attributes": {
            "id": "yv90jq",
            "parent_id": "jtocpop5y2",
            "path": "/profile",
            "path_part": "profile",
            "region": "us-east-2",
            "rest_api_id": "jo9pd89ssf"
          },
          "sensitive_attributes": [],
          "private": "bnVsbA==",
          "dependencies": [
            "aws_api_gateway_rest_api.GetCardApi"
          ]
        }
      ]
    },
    {
      "mode": "managed",
      "type": "aws_api_gateway_rest_api",
      "name": "CardActivateApi",
      "provider": "provider[\"registry.terraform.io/hashicorp/aws\"]",
      "instances": [
        {
          "schema_version": 0,
          "attributes": {
            "api_key_source": "HEADER",
            "arn": "arn:aws:apigateway:us-east-2::/restapis/9kmh52ohqg",
            "binary_media_types": [],
            "body": null,
            "created_date": "2025-10-11T05:23:45Z",
            "description": "API para activación de tarjetas después de 10 transacciones",
            "disable_execute_api_endpoint": false,
            "endpoint_configuration": [
              {
                "ip_address_type": "ipv4",
                "types": [
                  "EDGE"
                ],
                "vpc_endpoint_ids": []
              }
            ],
            "execution_arn": "arn:aws:execute-api:us-east-2:308488080911:9kmh52ohqg",
            "fail_on_warnings": null,
            "id": "9kmh52ohqg",
            "minimum_compression_size": "",
            "name": "card-activate-api",
            "parameters": null,
            "policy": "",
            "put_rest_api_mode": null,
            "region": "us-east-2",
            "root_resource_id": "zxo3hu8ua3",
            "tags": {},
            "tags_all": {}
          },
          "sensitive_attributes": [],
          "private": "bnVsbA=="
        }
      ]
    },
    {
      "mode": "managed",
      "type": "aws_api_gateway_rest_api",
      "name": "CardCreateApi",
      "provider": "provider[\"registry.terraform.io/hashicorp/aws\"]",
      "instances": [
        {
          "schema_version": 0,
          "attributes": {
            "api_key_source": "HEADER",
            "arn": "arn:aws:apigateway:us-east-2::/restapis/5ijhgybl79",
            "binary_media_types": [],
            "body": null,
            "created_date": "2025-10-11T05:23:45Z",
            "description": "API para creación de tarjetas (crédito/débito)",
            "disable_execute_api_endpoint": false,
            "endpoint_configuration": [
              {
                "ip_address_type": "ipv4",
                "types": [
                  "EDGE"
                ],
                "vpc_endpoint_ids": []
              }
            ],
            "execution_arn": "arn:aws:execute-api:us-east-2:308488080911:5ijhgybl79",
            "fail_on_warnings": null,
            "id": "5ijhgybl79",
            "minimum_compression_size": "",
            "name": "card-create-api",
            "parameters": null,
            "policy": "",
            "put_rest_api_mode": null,
            "region": "us-east-2",
            "root_resource_id": "uyzbbyfpz7",
            "tags": {},
            "tags_all": {}
          },
          "sensitive_attributes": [],
          "private": "bnVsbA=="
        }
      ]
    },
    {
      "mode": "managed",
      "type": "aws_api_gateway_rest_api",
      "name": "CardPaidApi",
      "provider": "provider[\"registry.terraform.io/hashicorp/aws\"]",
      "instances": [
        {
          "schema_version": 0,
          "attributes": {
            "api_key_source": "HEADER",
            "arn": "arn:aws:apigateway:us-east-2::/restapis/u7y5b7s9h5",
            "binary_media_types": [],
            "body": null,
            "created_date": "2025-10-13T03:00:15Z",
            "description": "API para pagar credito",
            "disable_execute_api_endpoint": false,
            "endpoint_configuration": [
              {
                "ip_address_type": "ipv4",
                "types": [
                  "EDGE"
                ],
                "vpc_endpoint_ids": []
              }
            ],
            "execution_arn": "arn:aws:execute-api:us-east-2:308488080911:u7y5b7s9h5",
            "fail_on_warnings": null,
            "id": "u7y5b7s9h5",
            "minimum_compression_size": "",
            "name": "card-transaction-paid-api",
            "parameters": null,
            "policy": "",
            "put_rest_api_mode": null,
            "region": "us-east-2",
            "root_resource_id": "6g5xk8p785",
            "tags": {},
            "tags_all": {}
          },
          "sensitive_attributes": [],
          "private": "bnVsbA=="
        }
      ]
    },
    {
      "mode": "managed",
      "type": "aws_api_gateway_rest_api",
      "name": "CardTransactionPurchaseApi",
      "provider": "provider[\"registry.terraform.io/hashicorp/aws\"]",
      "instances": [
        {
          "schema_version": 0,
          "attributes": {
            "api_key_source": "HEADER",
            "arn": "arn:aws:apigateway:us-east-2::/restapis/v5h6q897r2",
            "binary_media_types": [],
            "body": null,
            "created_date": "2025-10-13T03:00:15Z",
            "description": "API para transacciones purchase",
            "disable_execute_api_endpoint": false,
            "endpoint_configuration": [
              {
                "ip_address_type": "ipv4",
                "types": [
                  "EDGE"
                ],
                "vpc_endpoint_ids": []
              }
            ],
            "execution_arn": "arn:aws:execute-api:us-east-2:308488080911:v5h6q897r2",
            "fail_on_warnings": null,
            "id": "v5h6q897r2",
            "minimum_compression_size": "",
            "name": "card-transaction-purchase-api",
            "parameters": null,
            "policy": "",
            "put_rest_api_mode": null,
            "region": "us-east-2",
            "root_resource_id": "rs28imhe5c",
            "tags": {},
            "tags_all": {}
          },
          "sensitive_attributes": [],
          "private": "bnVsbA=="
        }
      ]
    },
    {
      "mode": "managed",
      "type": "aws_api_gateway_rest_api",
      "name": "CardTransactionSaveApi",
      "provider": "provider[\"registry.terraform.io/hashicorp/aws\"]",
      "instances": [
        {
          "schema_version": 0,
          "attributes": {
            "api_key_source": "HEADER",
            "arn": "arn:aws:apigateway:us-east-2::/restapis/a3iikkvakf",
            "binary_media_types": [],
            "body": null,
            "created_date": "2025-10-13T03:00:15Z",
            "description": "API para transacciones save a debito",
            "disable_execute_api_endpoint": false,
            "endpoint_configuration": [
              {
                "ip_address_type": "ipv4",
                "types": [
                  "EDGE"
                ],
                "vpc_endpoint_ids": []
              }
            ],
            "execution_arn": "arn:aws:execute-api:us-east-2:308488080911:a3iikkvakf",
            "fail_on_warnings": null,
            "id": "a3iikkvakf",
            "minimum_compression_size": "",
            "name": "card-transaction-save-api",
            "parameters": null,
            "policy": "",
            "put_rest_api_mode": null,
            "region": "us-east-2",
            "root_resource_id": "v45w8scxfl",
            "tags": {},
            "tags_all": {}
          },
          "sensitive_attributes": [],
          "private": "bnVsbA=="
        }
      ]
    },
    {
      "mode": "managed",
      "type": "aws_api_gateway_rest_api",
      "name": "GetCardApi",
      "provider": "provider[\"registry.terraform.io/hashicorp/aws\"]",
      "instances": [
        {
          "schema_version": 0,
          "attributes": {
            "api_key_source": "HEADER",
            "arn": "arn:aws:apigateway:us-east-2::/restapis/jo9pd89ssf",
            "binary_media_types": [],
            "body": null,
            "created_date": "2025-10-13T04:19:15Z",
            "description": "API para obtener informacion de tarjetas (crédito/débito)",
            "disable_execute_api_endpoint": false,
            "endpoint_configuration": [
              {
                "ip_address_type": "ipv4",
                "types": [
                  "EDGE"
                ],
                "vpc_endpoint_ids": []
              }
            ],
            "execution_arn": "arn:aws:execute-api:us-east-2:308488080911:jo9pd89ssf",
            "fail_on_warnings": null,
            "id": "jo9pd89ssf",
            "minimum_compression_size": "",
            "name": "get-card-api",
            "parameters": null,
            "policy": "",
            "put_rest_api_mode": null,
            "region": "us-east-2",
            "root_resource_id": "jtocpop5y2",
            "tags": {},
            "tags_all": {}
          },
          "sensitive_attributes": [],
          "private": "bnVsbA=="
        }
      ]
    },
    {
      "mode": "managed",
      "type": "aws_api_gateway_stage",
      "name": "CardActivateApiStage",
      "provider": "provider[\"registry.terraform.io/hashicorp/aws\"]",
      "instances": [
        {
          "schema_version": 0,
          "attributes": {
            "access_log_settings": [],
            "arn": "arn:aws:apigateway:us-east-2::/restapis/9kmh52ohqg/stages/prod",
            "cache_cluster_enabled": false,
            "cache_cluster_size": "",
            "canary_settings": [],
            "client_certificate_id": "",
            "deployment_id": "w0r4yd",
            "description": "",
            "documentation_version": "",
            "execution_arn": "arn:aws:execute-api:us-east-2:308488080911:9kmh52ohqg/prod",
            "id": "ags-9kmh52ohqg-prod",
            "invoke_url": "https://9kmh52ohqg.execute-api.us-east-2.amazonaws.com/prod",
            "region": "us-east-2",
            "rest_api_id": "9kmh52ohqg",
            "stage_name": "prod",
            "tags": {},
            "tags_all": {},
            "variables": {},
            "web_acl_arn": "",
            "xray_tracing_enabled": false
          },
          "sensitive_attributes": [],
          "private": "bnVsbA==",
          "dependencies": [
            "aws_api_gateway_deployment.CardActivateApiDeployment",
            "aws_api_gateway_integration.CardActivateIntegration",
            "aws_api_gateway_method.CardActivateMethod",
            "aws_api_gateway_resource.CardActivateResource",
            "aws_api_gateway_resource.CardResource",
            "aws_api_gateway_rest_api.CardActivateApi",
            "aws_iam_role.lambda_role",
            "aws_lambda_function.card_activate_lambda",
            "data.aws_iam_policy_document.assume_role",
            "null_resource.lambda_build_trigger"
          ]
        }
      ]
    },
    {
      "mode": "managed",
      "type": "aws_api_gateway_stage",
      "name": "CardCreateApiStage",
      "provider": "provider[\"registry.terraform.io/hashicorp/aws\"]",
      "instances": [
        {
          "schema_version": 0,
          "attributes": {
            "access_log_settings": [],
            "arn": "arn:aws:apigateway:us-east-2::/restapis/5ijhgybl79/stages/prod",
            "cache_cluster_enabled": false,
            "cache_cluster_size": "",
            "canary_settings": [],
            "client_certificate_id": "",
            "deployment_id": "728m07",
            "description": "",
            "documentation_version": "",
            "execution_arn": "arn:aws:execute-api:us-east-2:308488080911:5ijhgybl79/prod",
            "id": "ags-5ijhgybl79-prod",
            "invoke_url": "https://5ijhgybl79.execute-api.us-east-2.amazonaws.com/prod",
            "region": "us-east-2",
            "rest_api_id": "5ijhgybl79",
            "stage_name": "prod",
            "tags": {},
            "tags_all": {},
            "variables": {},
            "web_acl_arn": "",
            "xray_tracing_enabled": false
          },
          "sensitive_attributes": [],
          "private": "bnVsbA==",
          "dependencies": [
            "aws_api_gateway_deployment.CardCreateApiDeployment",
            "aws_api_gateway_integration.CardRequestIntegration",
            "aws_api_gateway_method.CardRequestMethod",
            "aws_api_gateway_resource.CardRequestResource",
            "aws_api_gateway_resource.CardsResource",
            "aws_api_gateway_rest_api.CardCreateApi",
            "aws_iam_role.lambda_role",
            "aws_lambda_function.CreateCardLmb",
            "aws_s3_bucket.transactions_reports",
            "aws_sqs_queue.card_dlq",
            "aws_sqs_queue.create_request_queue",
            "data.aws_iam_policy_document.assume_role",
            "null_resource.lambda_build_trigger"
          ]
        }
      ]
    },
    {
      "mode": "managed",
      "type": "aws_api_gateway_stage",
      "name": "CardPaidApiStage",
      "provider": "provider[\"registry.terraform.io/hashicorp/aws\"]",
      "instances": [
        {
          "schema_version": 0,
          "attributes": {
            "access_log_settings": [],
            "arn": "arn:aws:apigateway:us-east-2::/restapis/u7y5b7s9h5/stages/card",
            "cache_cluster_enabled": false,
            "cache_cluster_size": "",
            "canary_settings": [],
            "client_certificate_id": "",
            "deployment_id": "4hekcg",
            "description": "",
            "documentation_version": "",
            "execution_arn": "arn:aws:execute-api:us-east-2:308488080911:u7y5b7s9h5/card",
            "id": "ags-u7y5b7s9h5-card",
            "invoke_url": "https://u7y5b7s9h5.execute-api.us-east-2.amazonaws.com/card",
            "region": "us-east-2",
            "rest_api_id": "u7y5b7s9h5",
            "stage_name": "card",
            "tags": null,
            "tags_all": {},
            "variables": null,
            "web_acl_arn": "",
            "xray_tracing_enabled": false
          },
          "sensitive_attributes": [],
          "private": "bnVsbA==",
          "dependencies": [
            "aws_api_gateway_deployment.CardPaidApiDeployment",
            "aws_api_gateway_integration.CardPaidIntegration",
            "aws_api_gateway_method.CardPaidMethod",
            "aws_api_gateway_resource.CardPaidCardIdResource",
            "aws_api_gateway_resource.CardPaidResource",
            "aws_api_gateway_rest_api.CardPaidApi",
            "aws_iam_role.lambda_role",
            "aws_lambda_function.CardPaidCreditLmb",
            "data.aws_iam_policy_document.assume_role",
            "null_resource.lambda_build_trigger"
          ]
        }
      ]
    },
    {
      "mode": "managed",
      "type": "aws_api_gateway_stage",
      "name": "CardTransactionPurchaseApiStage",
      "provider": "provider[\"registry.terraform.io/hashicorp/aws\"]",
      "instances": [
        {
          "schema_version": 0,
          "attributes": {
            "access_log_settings": [],
            "arn": "arn:aws:apigateway:us-east-2::/restapis/v5h6q897r2/stages/transaction",
            "cache_cluster_enabled": false,
            "cache_cluster_size": "",
            "canary_settings": [],
            "client_certificate_id": "",
            "deployment_id": "egpido",
            "description": "",
            "documentation_version": "",
            "execution_arn": "arn:aws:execute-api:us-east-2:308488080911:v5h6q897r2/transaction",
            "id": "ags-v5h6q897r2-transaction",
            "invoke_url": "https://v5h6q897r2.execute-api.us-east-2.amazonaws.com/transaction",
            "region": "us-east-2",
            "rest_api_id": "v5h6q897r2",
            "stage_name": "transaction",
            "tags": {},
            "tags_all": {},
            "variables": {},
            "web_acl_arn": "",
            "xray_tracing_enabled": false
          },
          "sensitive_attributes": [],
          "private": "bnVsbA==",
          "dependencies": [
            "aws_api_gateway_deployment.CardTransactionPurchaseApiDeployment",
            "aws_api_gateway_integration.CardTransactionPurchaseIntegration",
            "aws_api_gateway_method.CardTransactionPurchaseMethod",
            "aws_api_gateway_resource.CardTransactionPurchaseResource",
            "aws_api_gateway_rest_api.CardTransactionPurchaseApi",
            "aws_iam_role.lambda_role",
            "aws_lambda_function.CardPurchaseLmb",
            "data.aws_iam_policy_document.assume_role",
            "null_resource.lambda_build_trigger"
          ]
        }
      ]
    },
    {
      "mode": "managed",
      "type": "aws_api_gateway_stage",
      "name": "CardTransactionSaveApiStage",
      "provider": "provider[\"registry.terraform.io/hashicorp/aws\"]",
      "instances": [
        {
          "schema_version": 0,
          "attributes": {
            "access_log_settings": [],
            "arn": "arn:aws:apigateway:us-east-2::/restapis/a3iikkvakf/stages/transaction",
            "cache_cluster_enabled": false,
            "cache_cluster_size": "",
            "canary_settings": [],
            "client_certificate_id": "",
            "deployment_id": "0stwj2",
            "description": "",
            "documentation_version": "",
            "execution_arn": "arn:aws:execute-api:us-east-2:308488080911:a3iikkvakf/transaction",
            "id": "ags-a3iikkvakf-transaction",
            "invoke_url": "https://a3iikkvakf.execute-api.us-east-2.amazonaws.com/transaction",
            "region": "us-east-2",
            "rest_api_id": "a3iikkvakf",
            "stage_name": "transaction",
            "tags": {},
            "tags_all": {},
            "variables": {},
            "web_acl_arn": "",
            "xray_tracing_enabled": false
          },
          "sensitive_attributes": [],
          "private": "bnVsbA==",
          "dependencies": [
            "aws_api_gateway_deployment.CardTransactionSaveApiDeployment",
            "aws_api_gateway_integration.CardTransactionSaveIntegration",
            "aws_api_gateway_method.CardTransactionSaveMethod",
            "aws_api_gateway_resource.CardTransactionSaveCardIdResource",
            "aws_api_gateway_resource.CardTransactionSaveResource",
            "aws_api_gateway_rest_api.CardTransactionSaveApi",
            "aws_iam_role.lambda_role",
            "aws_lambda_function.CardTransactionSaveLmb",
            "data.aws_iam_policy_document.assume_role",
            "null_resource.lambda_build_trigger"
          ]
        }
      ]
    },
    {
      "mode": "managed",
      "type": "aws_api_gateway_stage",
      "name": "GetCardApiStage",
      "provider": "provider[\"registry.terraform.io/hashicorp/aws\"]",
      "instances": [
        {
          "schema_version": 0,
          "attributes": {
            "access_log_settings": [],
            "arn": "arn:aws:apigateway:us-east-2::/restapis/jo9pd89ssf/stages/card",
            "cache_cluster_enabled": false,
            "cache_cluster_size": "",
            "canary_settings": [],
            "client_certificate_id": "",
            "deployment_id": "d855a5",
            "description": "",
            "documentation_version": "",
            "execution_arn": "arn:aws:execute-api:us-east-2:308488080911:jo9pd89ssf/card",
            "id": "ags-jo9pd89ssf-card",
            "invoke_url": "https://jo9pd89ssf.execute-api.us-east-2.amazonaws.com/card",
            "region": "us-east-2",
            "rest_api_id": "jo9pd89ssf",
            "stage_name": "card",
            "tags": {},
            "tags_all": {},
            "variables": {},
            "web_acl_arn": "",
            "xray_tracing_enabled": false
          },
          "sensitive_attributes": [],
          "private": "bnVsbA==",
          "dependencies": [
            "aws_api_gateway_deployment.GetCardApiDeployment",
            "aws_api_gateway_integration.GetCardIntegration",
            "aws_api_gateway_method.GetCardMethod",
            "aws_api_gateway_resource.GetCardIdResource",
            "aws_api_gateway_resource.GetCardResource",
            "aws_api_gateway_rest_api.GetCardApi",
            "aws_iam_role.lambda_role",
            "aws_lambda_function.GetCardLmb",
            "data.aws_iam_policy_document.assume_role",
            "null_resource.lambda_build_trigger"
          ]
        }
      ]
    },
    {
      "mode": "managed",
      "type": "aws_dynamodb_table",
      "name": "card_table",
      "provider": "provider[\"registry.terraform.io/hashicorp/aws\"]",
      "instances": [
        {
          "schema_version": 1,
          "attributes": {
            "arn": "arn:aws:dynamodb:us-east-2:308488080911:table/card-table",
            "attribute": [
              {
                "name": "createdAt",
                "type": "S"
              },
              {
                "name": "uuid",
                "type": "S"
              }
            ],
            "billing_mode": "PROVISIONED",
            "deletion_protection_enabled": false,
            "global_secondary_index": [],
            "hash_key": "uuid",
            "id": "card-table",
            "import_table": [],
            "local_secondary_index": [],
            "name": "card-table",
            "on_demand_throughput": [],
            "point_in_time_recovery": [
              {
                "enabled": false,
                "recovery_period_in_days": 0
              }
            ],
            "range_key": "createdAt",
            "read_capacity": 20,
            "region": "us-east-2",
            "replica": [],
            "restore_date_time": null,
            "restore_source_name": null,
            "restore_source_table_arn": null,
            "restore_to_latest_time": null,
            "server_side_encryption": [],
            "stream_arn": "",
            "stream_enabled": false,
            "stream_label": "",
            "stream_view_type": "",
            "table_class": "STANDARD",
            "tags": {},
            "tags_all": {},
            "timeouts": null,
            "ttl": [
              {
                "attribute_name": "",
                "enabled": false
              }
            ],
            "write_capacity": 20
          },
          "sensitive_attributes": [],
          "private": "eyJlMmJmYjczMC1lY2FhLTExZTYtOGY4OC0zNDM2M2JjN2M0YzAiOnsiY3JlYXRlIjoxODAwMDAwMDAwMDAwLCJkZWxldGUiOjYwMDAwMDAwMDAwMCwidXBkYXRlIjozNjAwMDAwMDAwMDAwfSwic2NoZW1hX3ZlcnNpb24iOiIxIn0="
        }
      ]
    },
    {
      "mode": "managed",
      "type": "aws_dynamodb_table",
      "name": "card_table_error",
      "provider": "provider[\"registry.terraform.io/hashicorp/aws\"]",
      "instances": [
        {
          "schema_version": 1,
          "attributes": {
            "arn": "arn:aws:dynamodb:us-east-2:308488080911:table/card-table-error",
            "attribute": [
              {
                "name": "createdAt",
                "type": "S"
              },
              {
                "name": "uuid",
                "type": "S"
              }
            ],
            "billing_mode": "PROVISIONED",
            "deletion_protection_enabled": false,
            "global_secondary_index": [],
            "hash_key": "uuid",
            "id": "card-table-error",
            "import_table": [],
            "local_secondary_index": [],
            "name": "card-table-error",
            "on_demand_throughput": [],
            "point_in_time_recovery": [
              {
                "enabled": false,
                "recovery_period_in_days": 0
              }
            ],
            "range_key": "createdAt",
            "read_capacity": 20,
            "region": "us-east-2",
            "replica": [],
            "restore_date_time": null,
            "restore_source_name": null,
            "restore_source_table_arn": null,
            "restore_to_latest_time": null,
            "server_side_encryption": [],
            "stream_arn": "",
            "stream_enabled": false,
            "stream_label": "",
            "stream_view_type": "",
            "table_class": "STANDARD",
            "tags": {},
            "tags_all": {},
            "timeouts": null,
            "ttl": [
              {
                "attribute_name": "",
                "enabled": false
              }
            ],
            "write_capacity": 20
          },
          "sensitive_attributes": [],
          "private": "eyJlMmJmYjczMC1lY2FhLTExZTYtOGY4OC0zNDM2M2JjN2M0YzAiOnsiY3JlYXRlIjoxODAwMDAwMDAwMDAwLCJkZWxldGUiOjYwMDAwMDAwMDAwMCwidXBkYXRlIjozNjAwMDAwMDAwMDAwfSwic2NoZW1hX3ZlcnNpb24iOiIxIn0="
        }
      ]
    },
    {
      "mode": "managed",
      "type": "aws_dynamodb_table",
      "name": "transaction_table",
      "provider": "provider[\"registry.terraform.io/hashicorp/aws\"]",
      "instances": [
        {
          "schema_version": 1,
          "attributes": {
            "arn": "arn:aws:dynamodb:us-east-2:308488080911:table/transaction-table",
            "attribute": [
              {
                "name": "createdAt",
                "type": "S"
              },
              {
                "name": "uuid",
                "type": "S"
              }
            ],
            "billing_mode": "PROVISIONED",
            "deletion_protection_enabled": false,
            "global_secondary_index": [],
            "hash_key": "uuid",
            "id": "transaction-table",
            "import_table": [],
            "local_secondary_index": [],
            "name": "transaction-table",
            "on_demand_throughput": [],
            "point_in_time_recovery": [
              {
                "enabled": false,
                "recovery_period_in_days": 0
              }
            ],
            "range_key": "createdAt",
            "read_capacity": 20,
            "region": "us-east-2",
            "replica": [],
            "restore_date_time": null,
            "restore_source_name": null,
            "restore_source_table_arn": null,
            "restore_to_latest_time": null,
            "server_side_encryption": [],
            "stream_arn": "",
            "stream_enabled": false,
            "stream_label": "",
            "stream_view_type": "",
            "table_class": "STANDARD",
            "tags": {},
            "tags_all": {},
            "timeouts": null,
            "ttl": [
              {
                "attribute_name": "",
                "enabled": false
              }
            ],
            "write_capacity": 20
          },
          "sensitive_attributes": [],
          "private": "eyJlMmJmYjczMC1lY2FhLTExZTYtOGY4OC0zNDM2M2JjN2M0YzAiOnsiY3JlYXRlIjoxODAwMDAwMDAwMDAwLCJkZWxldGUiOjYwMDAwMDAwMDAwMCwidXBkYXRlIjozNjAwMDAwMDAwMDAwfSwic2NoZW1hX3ZlcnNpb24iOiIxIn0="
        }
      ]
    },
    {
      "mode": "managed",
      "type": "aws_iam_policy",
      "name": "s3WriteAccess",
      "provider": "provider[\"registry.terraform.io/hashicorp/aws\"]",
      "instances": [
        {
          "schema_version": 0,
          "attributes": {
            "arn": "arn:aws:iam::308488080911:policy/S3WriteAccessToCardBucket",
            "attachment_count": 0,
            "description": "policy for write access to carbucket",
            "id": "arn:aws:iam::308488080911:policy/S3WriteAccessToCardBucket",
            "name": "S3WriteAccessToCardBucket",
            "name_prefix": "",
            "path": "/",
            "policy": "{\"Statement\":[{\"Action\":[\"s3:PutObject\",\"s3:GetObject\",\"s3:DeleteObject\"],\"Effect\":\"Allow\",\"Resource\":\"arn:aws:s3:::inferno-bank-transactions-report-bucket/*\"}],\"Version\":\"2012-10-17\"}",
            "policy_id": "ANPAUPU2SRYHT2A373PHM",
            "tags": {},
            "tags_all": {}
          },
          "sensitive_attributes": [],
          "private": "bnVsbA==",
          "dependencies": [
            "aws_s3_bucket.transactions_reports",
            "data.aws_iam_policy_document.s3_policy"
          ]
        }
      ]
    },
    {
      "mode": "managed",
      "type": "aws_iam_role",
      "name": "lambda_role",
      "provider": "provider[\"registry.terraform.io/hashicorp/aws\"]",
      "instances": [
        {
          "schema_version": 0,
          "attributes": {
            "arn": "arn:aws:iam::308488080911:role/ExecutionLambaCard",
            "assume_role_policy": "{\"Statement\":[{\"Action\":\"sts:AssumeRole\",\"Effect\":\"Allow\",\"Principal\":{\"Service\":\"lambda.amazonaws.com\"}}],\"Version\":\"2012-10-17\"}",
            "create_date": "2025-10-11T05:31:30Z",
            "description": "",
            "force_detach_policies": false,
            "id": "ExecutionLambaCard",
            "inline_policy": [
              {
                "name": "SQSAccessPolicy",
                "policy": "{\"Version\":\"2012-10-17\",\"Statement\":[{\"Action\":[\"sqs:SendMessage\",\"sqs:ReceiveMessage\",\"sqs:DeleteMessage\",\"sqs:GetQueueAttributes\",\"sqs:GetQueueAttributes\",\"sqs:ChangeMessageVisibility\"],\"Effect\":\"Allow\",\"Resource\":\"arn:aws:sqs:us-east-2:308488080911:create-request-card-sqs\"}]}"
              }
            ],
            "managed_policy_arns": [
              "arn:aws:iam::aws:policy/AmazonDynamoDBFullAccess",
              "arn:aws:iam::aws:policy/AmazonS3FullAccess",
              "arn:aws:iam::aws:policy/service-role/AWSLambdaBasicExecutionRole"
            ],
            "max_session_duration": 3600,
            "name": "ExecutionLambaCard",
            "name_prefix": "",
            "path": "/",
            "permissions_boundary": "",
            "tags": {},
            "tags_all": {},
            "unique_id": "AROAUPU2SRYHUTPLENVS4"
          },
          "sensitive_attributes": [],
          "private": "bnVsbA==",
          "dependencies": [
            "data.aws_iam_policy_document.assume_role"
          ]
        }
      ]
    },
    {
      "mode": "managed",
      "type": "aws_iam_role_policy",
      "name": "sqs_access",
      "provider": "provider[\"registry.terraform.io/hashicorp/aws\"]",
      "instances": [
        {
          "schema_version": 0,
          "attributes": {
            "id": "ExecutionLambaCard:SQSAccessPolicy",
            "name": "SQSAccessPolicy",
            "name_prefix": "",
            "policy": "{\"Version\":\"2012-10-17\",\"Statement\":[{\"Action\":[\"sqs:SendMessage\",\"sqs:ReceiveMessage\",\"sqs:DeleteMessage\",\"sqs:GetQueueAttributes\",\"sqs:GetQueueAttributes\",\"sqs:ChangeMessageVisibility\"],\"Effect\":\"Allow\",\"Resource\":\"arn:aws:sqs:us-east-2:308488080911:create-request-card-sqs\"}]}",
            "role": "ExecutionLambaCard"
          },
          "sensitive_attributes": [],
          "private": "bnVsbA==",
          "dependencies": [
            "aws_iam_role.lambda_role",
            "aws_sqs_queue.card_dlq",
            "aws_sqs_queue.create_request_queue",
            "data.aws_iam_policy_document.assume_role"
          ]
        }
      ]
    },
    {
      "mode": "managed",
      "type": "aws_iam_role_policy_attachment",
      "name": "dynamo_access",
      "provider": "provider[\"registry.terraform.io/hashicorp/aws\"]",
      "instances": [
        {
          "schema_version": 0,
          "attributes": {
            "id": "ExecutionLambaCard/arn:aws:iam::aws:policy/AmazonDynamoDBFullAccess",
            "policy_arn": "arn:aws:iam::aws:policy/AmazonDynamoDBFullAccess",
            "role": "ExecutionLambaCard"
          },
          "sensitive_attributes": [],
          "private": "bnVsbA==",
          "dependencies": [
            "aws_iam_role.lambda_role",
            "data.aws_iam_policy_document.assume_role"
          ]
        }
      ]
    },
    {
      "mode": "managed",
      "type": "aws_iam_role_policy_attachment",
      "name": "lmb_policy_execution",
      "provider": "provider[\"registry.terraform.io/hashicorp/aws\"]",
      "instances": [
        {
          "schema_version": 0,
          "attributes": {
            "id": "ExecutionLambaCard/arn:aws:iam::aws:policy/service-role/AWSLambdaBasicExecutionRole",
            "policy_arn": "arn:aws:iam::aws:policy/service-role/AWSLambdaBasicExecutionRole",
            "role": "ExecutionLambaCard"
          },
          "sensitive_attributes": [],
          "private": "bnVsbA==",
          "dependencies": [
            "aws_iam_role.lambda_role",
            "data.aws_iam_policy_document.assume_role"
          ]
        }
      ]
    },
    {
      "mode": "managed",
      "type": "aws_iam_role_policy_attachment",
      "name": "s3_access",
      "provider": "provider[\"registry.terraform.io/hashicorp/aws\"]",
      "instances": [
        {
          "schema_version": 0,
          "attributes": {
            "id": "ExecutionLambaCard/arn:aws:iam::aws:policy/AmazonS3FullAccess",
            "policy_arn": "arn:aws:iam::aws:policy/AmazonS3FullAccess",
            "role": "ExecutionLambaCard"
          },
          "sensitive_attributes": [],
          "private": "bnVsbA==",
          "dependencies": [
            "aws_iam_role.lambda_role",
            "data.aws_iam_policy_document.assume_role"
          ]
        }
      ]
    },
    {
      "mode": "managed",
      "type": "aws_lambda_event_source_mapping",
      "name": "sqs_to_approval_worker",
      "provider": "provider[\"registry.terraform.io/hashicorp/aws\"]",
      "instances": [
        {
          "schema_version": 0,
          "attributes": {
            "amazon_managed_kafka_event_source_config": [],
            "arn": "arn:aws:lambda:us-east-2:308488080911:event-source-mapping:28bae6f4-a4bf-43a9-a117-f1bdf1ace589",
            "batch_size": 1,
            "bisect_batch_on_function_error": false,
            "destination_config": [],
            "document_db_event_source_config": [],
            "enabled": true,
            "event_source_arn": "arn:aws:sqs:us-east-2:308488080911:create-request-card-sqs",
            "filter_criteria": [],
            "function_arn": "arn:aws:lambda:us-east-2:308488080911:function:card-approval-worker",
            "function_name": "arn:aws:lambda:us-east-2:308488080911:function:card-approval-worker",
            "function_response_types": [],
            "id": "28bae6f4-a4bf-43a9-a117-f1bdf1ace589",
            "kms_key_arn": "",
            "last_modified": "2025-10-11T05:48:49Z",
            "last_processing_result": "",
            "maximum_batching_window_in_seconds": 0,
            "maximum_record_age_in_seconds": 0,
            "maximum_retry_attempts": 0,
            "metrics_config": [],
            "parallelization_factor": 0,
            "provisioned_poller_config": [],
            "queues": [],
            "region": "us-east-2",
            "scaling_config": [],
            "self_managed_event_source": [],
            "self_managed_kafka_event_source_config": [],
            "source_access_configuration": [],
            "starting_position": "",
            "starting_position_timestamp": "",
            "state": "Enabled",
            "state_transition_reason": "USER_INITIATED",
            "tags": {},
            "tags_all": {},
            "topics": [],
            "tumbling_window_in_seconds": 0,
            "uuid": "28bae6f4-a4bf-43a9-a117-f1bdf1ace589"
          },
          "sensitive_attributes": [],
          "private": "bnVsbA==",
          "dependencies": [
            "aws_iam_role.lambda_role",
            "aws_lambda_function.card_approval_worker",
            "aws_sqs_queue.card_dlq",
            "aws_sqs_queue.create_request_queue",
            "data.aws_iam_policy_document.assume_role",
            "null_resource.lambda_build_trigger"
          ]
        }
      ]
    },
    {
      "mode": "managed",
      "type": "aws_lambda_function",
      "name": "CardGetReportLmb",
      "provider": "provider[\"registry.terraform.io/hashicorp/aws\"]",
      "instances": [
        {
          "schema_version": 0,
          "attributes": {
            "architectures": [
              "x86_64"
            ],
            "arn": "arn:aws:lambda:us-east-2:308488080911:function:card-get-report-lambda",
            "code_sha256": "n0bQt+JfIrfUx/epQCxx3cOXe9h3SsmGU+kLqZk19R0=",
            "code_signing_config_arn": "",
            "dead_letter_config": [],
            "description": "",
            "environment": [],
            "ephemeral_storage": [
              {
                "size": 512
              }
            ],
            "file_system_config": [],
            "filename": "../target/card-service-lambda-jar-with-dependencies.jar",
            "function_name": "card-get-report-lambda",
            "handler": "com.inferno.card_service.handler.CardGetReportLambda::handleRequest",
            "id": "card-get-report-lambda",
            "image_config": [],
            "image_uri": "",
            "invoke_arn": "arn:aws:apigateway:us-east-2:lambda:path/2015-03-31/functions/arn:aws:lambda:us-east-2:308488080911:function:card-get-report-lambda/invocations",
            "kms_key_arn": "",
            "last_modified": "2025-10-13T21:51:22.000+0000",
            "layers": [],
            "logging_config": [
              {
                "application_log_level": "",
                "log_format": "Text",
                "log_group": "/aws/lambda/card-get-report-lambda",
                "system_log_level": ""
              }
            ],
            "memory_size": 256,
            "package_type": "Zip",
            "publish": false,
            "qualified_arn": "arn:aws:lambda:us-east-2:308488080911:function:card-get-report-lambda:$LATEST",
            "qualified_invoke_arn": "arn:aws:apigateway:us-east-2:lambda:path/2015-03-31/functions/arn:aws:lambda:us-east-2:308488080911:function:card-get-report-lambda:$LATEST/invocations",
            "region": "us-east-2",
            "replace_security_groups_on_destroy": null,
            "replacement_security_group_ids": null,
            "reserved_concurrent_executions": -1,
            "role": "arn:aws:iam::308488080911:role/ExecutionLambaCard",
            "runtime": "java17",
            "s3_bucket": null,
            "s3_key": null,
            "s3_object_version": null,
            "signing_job_arn": "",
            "signing_profile_version_arn": "",
            "skip_destroy": false,
            "snap_start": [],
            "source_code_hash": "n0bQt+JfIrfUx/epQCxx3cOXe9h3SsmGU+kLqZk19R0=-1842620727789117214",
            "source_code_size": 36803742,
            "source_kms_key_arn": "",
            "tags": {},
            "tags_all": {},
            "timeout": 90,
            "timeouts": null,
            "tracing_config": [
              {
                "mode": "PassThrough"
              }
            ],
            "version": "$LATEST",
            "vpc_config": []
          },
          "sensitive_attributes": [],
          "private": "eyJlMmJmYjczMC1lY2FhLTExZTYtOGY4OC0zNDM2M2JjN2M0YzAiOnsiY3JlYXRlIjo2MDAwMDAwMDAwMDAsImRlbGV0ZSI6NjAwMDAwMDAwMDAwLCJ1cGRhdGUiOjYwMDAwMDAwMDAwMH19",
          "dependencies": [
            "aws_iam_role.lambda_role",
            "data.aws_iam_policy_document.assume_role",
            "null_resource.lambda_build_trigger"
          ]
        }
      ]
    },
    {
      "mode": "managed",
      "type": "aws_lambda_function",
      "name": "CardPaidCreditLmb",
      "provider": "provider[\"registry.terraform.io/hashicorp/aws\"]",
      "instances": [
        {
          "schema_version": 0,
          "attributes": {
            "architectures": [
              "x86_64"
            ],
            "arn": "arn:aws:lambda:us-east-2:308488080911:function:card-paid-credit-card-lambda",
            "code_sha256": "n0bQt+JfIrfUx/epQCxx3cOXe9h3SsmGU+kLqZk19R0=",
            "code_signing_config_arn": "",
            "dead_letter_config": [],
            "description": "",
            "environment": [],
            "ephemeral_storage": [
              {
                "size": 512
              }
            ],
            "file_system_config": [],
            "filename": "../target/card-service-lambda-jar-with-dependencies.jar",
            "function_name": "card-paid-credit-card-lambda",
            "handler": "com.inferno.card_service.handler.CardPaidCreditLambda::handleRequest",
            "id": "card-paid-credit-card-lambda",
            "image_config": [],
            "image_uri": "",
            "invoke_arn": "arn:aws:apigateway:us-east-2:lambda:path/2015-03-31/functions/arn:aws:lambda:us-east-2:308488080911:function:card-paid-credit-card-lambda/invocations",
            "kms_key_arn": "",
            "last_modified": "2025-10-13T21:51:11.000+0000",
            "layers": [],
            "logging_config": [
              {
                "application_log_level": "",
                "log_format": "Text",
                "log_group": "/aws/lambda/card-paid-credit-card-lambda",
                "system_log_level": ""
              }
            ],
            "memory_size": 256,
            "package_type": "Zip",
            "publish": false,
            "qualified_arn": "arn:aws:lambda:us-east-2:308488080911:function:card-paid-credit-card-lambda:$LATEST",
            "qualified_invoke_arn": "arn:aws:apigateway:us-east-2:lambda:path/2015-03-31/functions/arn:aws:lambda:us-east-2:308488080911:function:card-paid-credit-card-lambda:$LATEST/invocations",
            "region": "us-east-2",
            "replace_security_groups_on_destroy": null,
            "replacement_security_group_ids": null,
            "reserved_concurrent_executions": -1,
            "role": "arn:aws:iam::308488080911:role/ExecutionLambaCard",
            "runtime": "java17",
            "s3_bucket": null,
            "s3_key": null,
            "s3_object_version": null,
            "signing_job_arn": "",
            "signing_profile_version_arn": "",
            "skip_destroy": false,
            "snap_start": [],
            "source_code_hash": "n0bQt+JfIrfUx/epQCxx3cOXe9h3SsmGU+kLqZk19R0=-1842620727789117214",
            "source_code_size": 36803742,
            "source_kms_key_arn": "",
            "tags": {},
            "tags_all": {},
            "timeout": 90,
            "timeouts": null,
            "tracing_config": [
              {
                "mode": "PassThrough"
              }
            ],
            "version": "$LATEST",
            "vpc_config": []
          },
          "sensitive_attributes": [],
          "private": "eyJlMmJmYjczMC1lY2FhLTExZTYtOGY4OC0zNDM2M2JjN2M0YzAiOnsiY3JlYXRlIjo2MDAwMDAwMDAwMDAsImRlbGV0ZSI6NjAwMDAwMDAwMDAwLCJ1cGRhdGUiOjYwMDAwMDAwMDAwMH19",
          "dependencies": [
            "aws_iam_role.lambda_role",
            "data.aws_iam_policy_document.assume_role",
            "null_resource.lambda_build_trigger"
          ]
        }
      ]
    },
    {
      "mode": "managed",
      "type": "aws_lambda_function",
      "name": "CardPurchaseLmb",
      "provider": "provider[\"registry.terraform.io/hashicorp/aws\"]",
      "instances": [
        {
          "schema_version": 0,
          "attributes": {
            "architectures": [
              "x86_64"
            ],
            "arn": "arn:aws:lambda:us-east-2:308488080911:function:card-purchase-lambda",
            "code_sha256": "n0bQt+JfIrfUx/epQCxx3cOXe9h3SsmGU+kLqZk19R0=",
            "code_signing_config_arn": "",
            "dead_letter_config": [],
            "description": "",
            "environment": [],
            "ephemeral_storage": [
              {
                "size": 512
              }
            ],
            "file_system_config": [],
            "filename": "../target/card-service-lambda-jar-with-dependencies.jar",
            "function_name": "card-purchase-lambda",
            "handler": "com.inferno.card_service.handler.CardPurchaseLambda::handleRequest",
            "id": "card-purchase-lambda",
            "image_config": [],
            "image_uri": "",
            "invoke_arn": "arn:aws:apigateway:us-east-2:lambda:path/2015-03-31/functions/arn:aws:lambda:us-east-2:308488080911:function:card-purchase-lambda/invocations",
            "kms_key_arn": "",
            "last_modified": "2025-10-13T21:50:59.000+0000",
            "layers": [],
            "logging_config": [
              {
                "application_log_level": "",
                "log_format": "Text",
                "log_group": "/aws/lambda/card-purchase-lambda",
                "system_log_level": ""
              }
            ],
            "memory_size": 256,
            "package_type": "Zip",
            "publish": false,
            "qualified_arn": "arn:aws:lambda:us-east-2:308488080911:function:card-purchase-lambda:$LATEST",
            "qualified_invoke_arn": "arn:aws:apigateway:us-east-2:lambda:path/2015-03-31/functions/arn:aws:lambda:us-east-2:308488080911:function:card-purchase-lambda:$LATEST/invocations",
            "region": "us-east-2",
            "replace_security_groups_on_destroy": null,
            "replacement_security_group_ids": null,
            "reserved_concurrent_executions": -1,
            "role": "arn:aws:iam::308488080911:role/ExecutionLambaCard",
            "runtime": "java17",
            "s3_bucket": null,
            "s3_key": null,
            "s3_object_version": null,
            "signing_job_arn": "",
            "signing_profile_version_arn": "",
            "skip_destroy": false,
            "snap_start": [],
            "source_code_hash": "n0bQt+JfIrfUx/epQCxx3cOXe9h3SsmGU+kLqZk19R0=-1842620727789117214",
            "source_code_size": 36803742,
            "source_kms_key_arn": "",
            "tags": {},
            "tags_all": {},
            "timeout": 90,
            "timeouts": null,
            "tracing_config": [
              {
                "mode": "PassThrough"
              }
            ],
            "version": "$LATEST",
            "vpc_config": []
          },
          "sensitive_attributes": [],
          "private": "eyJlMmJmYjczMC1lY2FhLTExZTYtOGY4OC0zNDM2M2JjN2M0YzAiOnsiY3JlYXRlIjo2MDAwMDAwMDAwMDAsImRlbGV0ZSI6NjAwMDAwMDAwMDAwLCJ1cGRhdGUiOjYwMDAwMDAwMDAwMH19",
          "dependencies": [
            "aws_iam_role.lambda_role",
            "data.aws_iam_policy_document.assume_role",
            "null_resource.lambda_build_trigger"
          ]
        }
      ]
    },
    {
      "mode": "managed",
      "type": "aws_lambda_function",
      "name": "CardTransactionSaveLmb",
      "provider": "provider[\"registry.terraform.io/hashicorp/aws\"]",
      "instances": [
        {
          "schema_version": 0,
          "attributes": {
            "architectures": [
              "x86_64"
            ],
            "arn": "arn:aws:lambda:us-east-2:308488080911:function:card-transaction-save-lambda",
            "code_sha256": "n0bQt+JfIrfUx/epQCxx3cOXe9h3SsmGU+kLqZk19R0=",
            "code_signing_config_arn": "",
            "dead_letter_config": [],
            "description": "",
            "environment": [],
            "ephemeral_storage": [
              {
                "size": 512
              }
            ],
            "file_system_config": [],
            "filename": "../target/card-service-lambda-jar-with-dependencies.jar",
            "function_name": "card-transaction-save-lambda",
            "handler": "com.inferno.card_service.handler.CardTransactionSaveLambda::handleRequest",
            "id": "card-transaction-save-lambda",
            "image_config": [],
            "image_uri": "",
            "invoke_arn": "arn:aws:apigateway:us-east-2:lambda:path/2015-03-31/functions/arn:aws:lambda:us-east-2:308488080911:function:card-transaction-save-lambda/invocations",
            "kms_key_arn": "",
            "last_modified": "2025-10-13T21:51:34.000+0000",
            "layers": [],
            "logging_config": [
              {
                "application_log_level": "",
                "log_format": "Text",
                "log_group": "/aws/lambda/card-transaction-save-lambda",
                "system_log_level": ""
              }
            ],
            "memory_size": 256,
            "package_type": "Zip",
            "publish": false,
            "qualified_arn": "arn:aws:lambda:us-east-2:308488080911:function:card-transaction-save-lambda:$LATEST",
            "qualified_invoke_arn": "arn:aws:apigateway:us-east-2:lambda:path/2015-03-31/functions/arn:aws:lambda:us-east-2:308488080911:function:card-transaction-save-lambda:$LATEST/invocations",
            "region": "us-east-2",
            "replace_security_groups_on_destroy": null,
            "replacement_security_group_ids": null,
            "reserved_concurrent_executions": -1,
            "role": "arn:aws:iam::308488080911:role/ExecutionLambaCard",
            "runtime": "java17",
            "s3_bucket": null,
            "s3_key": null,
            "s3_object_version": null,
            "signing_job_arn": "",
            "signing_profile_version_arn": "",
            "skip_destroy": false,
            "snap_start": [],
            "source_code_hash": "n0bQt+JfIrfUx/epQCxx3cOXe9h3SsmGU+kLqZk19R0=-1842620727789117214",
            "source_code_size": 36803742,
            "source_kms_key_arn": "",
            "tags": {},
            "tags_all": {},
            "timeout": 90,
            "timeouts": null,
            "tracing_config": [
              {
                "mode": "PassThrough"
              }
            ],
            "version": "$LATEST",
            "vpc_config": []
          },
          "sensitive_attributes": [],
          "private": "eyJlMmJmYjczMC1lY2FhLTExZTYtOGY4OC0zNDM2M2JjN2M0YzAiOnsiY3JlYXRlIjo2MDAwMDAwMDAwMDAsImRlbGV0ZSI6NjAwMDAwMDAwMDAwLCJ1cGRhdGUiOjYwMDAwMDAwMDAwMH19",
          "dependencies": [
            "aws_iam_role.lambda_role",
            "data.aws_iam_policy_document.assume_role",
            "null_resource.lambda_build_trigger"
          ]
        }
      ]
    },
    {
      "mode": "managed",
      "type": "aws_lambda_function",
      "name": "CreateCardLmb",
      "provider": "provider[\"registry.terraform.io/hashicorp/aws\"]",
      "instances": [
        {
          "schema_version": 0,
          "attributes": {
            "architectures": [
              "x86_64"
            ],
            "arn": "arn:aws:lambda:us-east-2:308488080911:function:create-card-request-lambda",
            "code_sha256": "n0bQt+JfIrfUx/epQCxx3cOXe9h3SsmGU+kLqZk19R0=",
            "code_signing_config_arn": "",
            "dead_letter_config": [],
            "description": "",
            "environment": [
              {
                "variables": {
                  "S3_BUCKET": "inferno-bank-transactions-report-bucket",
                  "SQS_QUEUE_URL": "https://sqs.us-east-2.amazonaws.com/308488080911/create-request-card-sqs"
                }
              }
            ],
            "ephemeral_storage": [
              {
                "size": 512
              }
            ],
            "file_system_config": [],
            "filename": "../target/card-service-lambda-jar-with-dependencies.jar",
            "function_name": "create-card-request-lambda",
            "handler": "com.inferno.card_service.handler.CreateCardLambda::handleRequest",
            "id": "create-card-request-lambda",
            "image_config": [],
            "image_uri": "",
            "invoke_arn": "arn:aws:apigateway:us-east-2:lambda:path/2015-03-31/functions/arn:aws:lambda:us-east-2:308488080911:function:create-card-request-lambda/invocations",
            "kms_key_arn": "",
            "last_modified": "2025-10-13T21:52:19.000+0000",
            "layers": [],
            "logging_config": [
              {
                "application_log_level": "",
                "log_format": "Text",
                "log_group": "/aws/lambda/create-card-request-lambda",
                "system_log_level": ""
              }
            ],
            "memory_size": 256,
            "package_type": "Zip",
            "publish": false,
            "qualified_arn": "arn:aws:lambda:us-east-2:308488080911:function:create-card-request-lambda:$LATEST",
            "qualified_invoke_arn": "arn:aws:apigateway:us-east-2:lambda:path/2015-03-31/functions/arn:aws:lambda:us-east-2:308488080911:function:create-card-request-lambda:$LATEST/invocations",
            "region": "us-east-2",
            "replace_security_groups_on_destroy": null,
            "replacement_security_group_ids": null,
            "reserved_concurrent_executions": -1,
            "role": "arn:aws:iam::308488080911:role/ExecutionLambaCard",
            "runtime": "java17",
            "s3_bucket": null,
            "s3_key": null,
            "s3_object_version": null,
            "signing_job_arn": "",
            "signing_profile_version_arn": "",
            "skip_destroy": false,
            "snap_start": [],
            "source_code_hash": "n0bQt+JfIrfUx/epQCxx3cOXe9h3SsmGU+kLqZk19R0=-1842620727789117214",
            "source_code_size": 36803742,
            "source_kms_key_arn": "",
            "tags": {},
            "tags_all": {},
            "timeout": 90,
            "timeouts": null,
            "tracing_config": [
              {
                "mode": "PassThrough"
              }
            ],
            "version": "$LATEST",
            "vpc_config": []
          },
          "sensitive_attributes": [],
          "private": "eyJlMmJmYjczMC1lY2FhLTExZTYtOGY4OC0zNDM2M2JjN2M0YzAiOnsiY3JlYXRlIjo2MDAwMDAwMDAwMDAsImRlbGV0ZSI6NjAwMDAwMDAwMDAwLCJ1cGRhdGUiOjYwMDAwMDAwMDAwMH19",
          "dependencies": [
            "aws_iam_role.lambda_role",
            "aws_s3_bucket.transactions_reports",
            "aws_sqs_queue.card_dlq",
            "aws_sqs_queue.create_request_queue",
            "data.aws_iam_policy_document.assume_role",
            "null_resource.lambda_build_trigger"
          ]
        }
      ]
    },
    {
      "mode": "managed",
      "type": "aws_lambda_function",
      "name": "GetCardLmb",
      "provider": "provider[\"registry.terraform.io/hashicorp/aws\"]",
      "instances": [
        {
          "schema_version": 0,
          "attributes": {
            "architectures": [
              "x86_64"
            ],
            "arn": "arn:aws:lambda:us-east-2:308488080911:function:get-card-lambda",
            "code_sha256": "n0bQt+JfIrfUx/epQCxx3cOXe9h3SsmGU+kLqZk19R0=",
            "code_signing_config_arn": "",
            "dead_letter_config": [],
            "description": "",
            "environment": [],
            "ephemeral_storage": [
              {
                "size": 512
              }
            ],
            "file_system_config": [],
            "filename": "../target/card-service-lambda-jar-with-dependencies.jar",
            "function_name": "get-card-lambda",
            "handler": "com.inferno.card_service.handler.GetCardLambda::handleRequest",
            "id": "get-card-lambda",
            "image_config": [],
            "image_uri": "",
            "invoke_arn": "arn:aws:apigateway:us-east-2:lambda:path/2015-03-31/functions/arn:aws:lambda:us-east-2:308488080911:function:get-card-lambda/invocations",
            "kms_key_arn": "",
            "last_modified": "2025-10-13T21:51:56.000+0000",
            "layers": [],
            "logging_config": [
              {
                "application_log_level": "",
                "log_format": "Text",
                "log_group": "/aws/lambda/get-card-lambda",
                "system_log_level": ""
              }
            ],
            "memory_size": 256,
            "package_type": "Zip",
            "publish": false,
            "qualified_arn": "arn:aws:lambda:us-east-2:308488080911:function:get-card-lambda:$LATEST",
            "qualified_invoke_arn": "arn:aws:apigateway:us-east-2:lambda:path/2015-03-31/functions/arn:aws:lambda:us-east-2:308488080911:function:get-card-lambda:$LATEST/invocations",
            "region": "us-east-2",
            "replace_security_groups_on_destroy": null,
            "replacement_security_group_ids": null,
            "reserved_concurrent_executions": -1,
            "role": "arn:aws:iam::308488080911:role/ExecutionLambaCard",
            "runtime": "java17",
            "s3_bucket": null,
            "s3_key": null,
            "s3_object_version": null,
            "signing_job_arn": "",
            "signing_profile_version_arn": "",
            "skip_destroy": false,
            "snap_start": [],
            "source_code_hash": "n0bQt+JfIrfUx/epQCxx3cOXe9h3SsmGU+kLqZk19R0=-1842620727789117214",
            "source_code_size": 36803742,
            "source_kms_key_arn": "",
            "tags": {},
            "tags_all": {},
            "timeout": 90,
            "timeouts": null,
            "tracing_config": [
              {
                "mode": "PassThrough"
              }
            ],
            "version": "$LATEST",
            "vpc_config": []
          },
          "sensitive_attributes": [],
          "private": "eyJlMmJmYjczMC1lY2FhLTExZTYtOGY4OC0zNDM2M2JjN2M0YzAiOnsiY3JlYXRlIjo2MDAwMDAwMDAwMDAsImRlbGV0ZSI6NjAwMDAwMDAwMDAwLCJ1cGRhdGUiOjYwMDAwMDAwMDAwMH19",
          "dependencies": [
            "aws_iam_role.lambda_role",
            "data.aws_iam_policy_document.assume_role",
            "null_resource.lambda_build_trigger"
          ]
        }
      ]
    },
    {
      "mode": "managed",
      "type": "aws_lambda_function",
      "name": "card_activate_lambda",
      "provider": "provider[\"registry.terraform.io/hashicorp/aws\"]",
      "instances": [
        {
          "schema_version": 0,
          "attributes": {
            "architectures": [
              "x86_64"
            ],
            "arn": "arn:aws:lambda:us-east-2:308488080911:function:card-activate-lambda",
            "code_sha256": "n0bQt+JfIrfUx/epQCxx3cOXe9h3SsmGU+kLqZk19R0=",
            "code_signing_config_arn": "",
            "dead_letter_config": [],
            "description": "",
            "environment": [
              {
                "variables": {
                  "DYNAMODB_TABLE": "card-table"
                }
              }
            ],
            "ephemeral_storage": [
              {
                "size": 512
              }
            ],
            "file_system_config": [],
            "filename": "../target/card-service-lambda-jar-with-dependencies.jar",
            "function_name": "card-activate-lambda",
            "handler": "com.inferno.card_service.handler.CardActivateLambda::handleRequest",
            "id": "card-activate-lambda",
            "image_config": [],
            "image_uri": "",
            "invoke_arn": "arn:aws:apigateway:us-east-2:lambda:path/2015-03-31/functions/arn:aws:lambda:us-east-2:308488080911:function:card-activate-lambda/invocations",
            "kms_key_arn": "",
            "last_modified": "2025-10-13T21:52:07.000+0000",
            "layers": [],
            "logging_config": [
              {
                "application_log_level": "",
                "log_format": "Text",
                "log_group": "/aws/lambda/card-activate-lambda",
                "system_log_level": ""
              }
            ],
            "memory_size": 256,
            "package_type": "Zip",
            "publish": false,
            "qualified_arn": "arn:aws:lambda:us-east-2:308488080911:function:card-activate-lambda:$LATEST",
            "qualified_invoke_arn": "arn:aws:apigateway:us-east-2:lambda:path/2015-03-31/functions/arn:aws:lambda:us-east-2:308488080911:function:card-activate-lambda:$LATEST/invocations",
            "region": "us-east-2",
            "replace_security_groups_on_destroy": null,
            "replacement_security_group_ids": null,
            "reserved_concurrent_executions": -1,
            "role": "arn:aws:iam::308488080911:role/ExecutionLambaCard",
            "runtime": "java17",
            "s3_bucket": null,
            "s3_key": null,
            "s3_object_version": null,
            "signing_job_arn": "",
            "signing_profile_version_arn": "",
            "skip_destroy": false,
            "snap_start": [],
            "source_code_hash": "n0bQt+JfIrfUx/epQCxx3cOXe9h3SsmGU+kLqZk19R0=-1842620727789117214",
            "source_code_size": 36803742,
            "source_kms_key_arn": "",
            "tags": {},
            "tags_all": {},
            "timeout": 90,
            "timeouts": null,
            "tracing_config": [
              {
                "mode": "PassThrough"
              }
            ],
            "version": "$LATEST",
            "vpc_config": []
          },
          "sensitive_attributes": [],
          "private": "eyJlMmJmYjczMC1lY2FhLTExZTYtOGY4OC0zNDM2M2JjN2M0YzAiOnsiY3JlYXRlIjo2MDAwMDAwMDAwMDAsImRlbGV0ZSI6NjAwMDAwMDAwMDAwLCJ1cGRhdGUiOjYwMDAwMDAwMDAwMH19",
          "dependencies": [
            "aws_iam_role.lambda_role",
            "data.aws_iam_policy_document.assume_role",
            "null_resource.lambda_build_trigger"
          ]
        }
      ]
    },
    {
      "mode": "managed",
      "type": "aws_lambda_function",
      "name": "card_approval_worker",
      "provider": "provider[\"registry.terraform.io/hashicorp/aws\"]",
      "instances": [
        {
          "schema_version": 0,
          "attributes": {
            "architectures": [
              "x86_64"
            ],
            "arn": "arn:aws:lambda:us-east-2:308488080911:function:card-approval-worker",
            "code_sha256": "n0bQt+JfIrfUx/epQCxx3cOXe9h3SsmGU+kLqZk19R0=",
            "code_signing_config_arn": "",
            "dead_letter_config": [],
            "description": "",
            "environment": [
              {
                "variables": {
                  "USER_SERVICE_URL": "https://v7hjhcn0ej.execute-api.us-east-2.amazonaws.com"
                }
              }
            ],
            "ephemeral_storage": [
              {
                "size": 512
              }
            ],
            "file_system_config": [],
            "filename": "../target/card-service-lambda-jar-with-dependencies.jar",
            "function_name": "card-approval-worker",
            "handler": "com.inferno.card_service.handler.CardApprovalWorker::handleRequest",
            "id": "card-approval-worker",
            "image_config": [],
            "image_uri": "",
            "invoke_arn": "arn:aws:apigateway:us-east-2:lambda:path/2015-03-31/functions/arn:aws:lambda:us-east-2:308488080911:function:card-approval-worker/invocations",
            "kms_key_arn": "",
            "last_modified": "2025-10-13T21:51:45.000+0000",
            "layers": [],
            "logging_config": [
              {
                "application_log_level": "",
                "log_format": "Text",
                "log_group": "/aws/lambda/card-approval-worker",
                "system_log_level": ""
              }
            ],
            "memory_size": 256,
            "package_type": "Zip",
            "publish": false,
            "qualified_arn": "arn:aws:lambda:us-east-2:308488080911:function:card-approval-worker:$LATEST",
            "qualified_invoke_arn": "arn:aws:apigateway:us-east-2:lambda:path/2015-03-31/functions/arn:aws:lambda:us-east-2:308488080911:function:card-approval-worker:$LATEST/invocations",
            "region": "us-east-2",
            "replace_security_groups_on_destroy": null,
            "replacement_security_group_ids": null,
            "reserved_concurrent_executions": -1,
            "role": "arn:aws:iam::308488080911:role/ExecutionLambaCard",
            "runtime": "java17",
            "s3_bucket": null,
            "s3_key": null,
            "s3_object_version": null,
            "signing_job_arn": "",
            "signing_profile_version_arn": "",
            "skip_destroy": false,
            "snap_start": [],
            "source_code_hash": "n0bQt+JfIrfUx/epQCxx3cOXe9h3SsmGU+kLqZk19R0=-1842620727789117214",
            "source_code_size": 36803742,
            "source_kms_key_arn": "",
            "tags": {},
            "tags_all": {},
            "timeout": 90,
            "timeouts": null,
            "tracing_config": [
              {
                "mode": "PassThrough"
              }
            ],
            "version": "$LATEST",
            "vpc_config": []
          },
          "sensitive_attributes": [],
          "private": "eyJlMmJmYjczMC1lY2FhLTExZTYtOGY4OC0zNDM2M2JjN2M0YzAiOnsiY3JlYXRlIjo2MDAwMDAwMDAwMDAsImRlbGV0ZSI6NjAwMDAwMDAwMDAwLCJ1cGRhdGUiOjYwMDAwMDAwMDAwMH19",
          "dependencies": [
            "aws_iam_role.lambda_role",
            "data.aws_iam_policy_document.assume_role",
            "null_resource.lambda_build_trigger"
          ]
        }
      ]
    },
    {
      "mode": "managed",
      "type": "aws_lambda_permission",
      "name": "ApiGwCardActivate",
      "provider": "provider[\"registry.terraform.io/hashicorp/aws\"]",
      "instances": [
        {
          "schema_version": 0,
          "attributes": {
            "action": "lambda:InvokeFunction",
            "event_source_token": null,
            "function_name": "card-activate-lambda",
            "function_url_auth_type": null,
            "id": "AllowExecutionFromAPIGatewayCardActivate",
            "principal": "apigateway.amazonaws.com",
            "principal_org_id": null,
            "qualifier": "",
            "region": "us-east-2",
            "source_account": null,
            "source_arn": "arn:aws:execute-api:us-east-2:308488080911:9kmh52ohqg/*/POST/card/activate",
            "statement_id": "AllowExecutionFromAPIGatewayCardActivate",
            "statement_id_prefix": ""
          },
          "sensitive_attributes": [],
          "private": "bnVsbA==",
          "dependencies": [
            "aws_api_gateway_rest_api.CardActivateApi",
            "aws_iam_role.lambda_role",
            "aws_lambda_function.card_activate_lambda",
            "data.aws_iam_policy_document.assume_role",
            "null_resource.lambda_build_trigger"
          ]
        }
      ]
    },
    {
      "mode": "managed",
      "type": "aws_lambda_permission",
      "name": "ApiGwCardCreate",
      "provider": "provider[\"registry.terraform.io/hashicorp/aws\"]",
      "instances": [
        {
          "schema_version": 0,
          "attributes": {
            "action": "lambda:InvokeFunction",
            "event_source_token": null,
            "function_name": "create-card-request-lambda",
            "function_url_auth_type": null,
            "id": "AllowExecutionFromAPIGatewayCardCreate",
            "principal": "apigateway.amazonaws.com",
            "principal_org_id": null,
            "qualifier": "",
            "region": "us-east-2",
            "source_account": null,
            "source_arn": "arn:aws:execute-api:us-east-2:308488080911:5ijhgybl79/*/POST/cards/request",
            "statement_id": "AllowExecutionFromAPIGatewayCardCreate",
            "statement_id_prefix": ""
          },
          "sensitive_attributes": [],
          "private": "bnVsbA==",
          "dependencies": [
            "aws_api_gateway_rest_api.CardCreateApi",
            "aws_iam_role.lambda_role",
            "aws_lambda_function.CreateCardLmb",
            "aws_s3_bucket.transactions_reports",
            "aws_sqs_queue.card_dlq",
            "aws_sqs_queue.create_request_queue",
            "data.aws_iam_policy_document.assume_role",
            "null_resource.lambda_build_trigger"
          ]
        }
      ]
    },
    {
      "mode": "managed",
      "type": "aws_lambda_permission",
      "name": "ApiGwCardPaid",
      "provider": "provider[\"registry.terraform.io/hashicorp/aws\"]",
      "instances": [
        {
          "schema_version": 0,
          "attributes": {
            "action": "lambda:InvokeFunction",
            "event_source_token": null,
            "function_name": "card-paid-credit-card-lambda",
            "function_url_auth_type": null,
            "id": "AllowExecutionFromAPIGatewayCardPaid",
            "principal": "apigateway.amazonaws.com",
            "principal_org_id": null,
            "qualifier": "",
            "region": "us-east-2",
            "source_account": null,
            "source_arn": "arn:aws:execute-api:us-east-2:308488080911:u7y5b7s9h5/*/POST/paid/{card_id}",
            "statement_id": "AllowExecutionFromAPIGatewayCardPaid",
            "statement_id_prefix": ""
          },
          "sensitive_attributes": [],
          "private": "bnVsbA==",
          "dependencies": [
            "aws_api_gateway_rest_api.CardPaidApi",
            "aws_iam_role.lambda_role",
            "aws_lambda_function.CardPaidCreditLmb",
            "data.aws_iam_policy_document.assume_role",
            "null_resource.lambda_build_trigger"
          ]
        }
      ]
    },
    {
      "mode": "managed",
      "type": "aws_lambda_permission",
      "name": "ApiGwCardTransactionPurchase",
      "provider": "provider[\"registry.terraform.io/hashicorp/aws\"]",
      "instances": [
        {
          "schema_version": 0,
          "attributes": {
            "action": "lambda:InvokeFunction",
            "event_source_token": null,
            "function_name": "card-purchase-lambda",
            "function_url_auth_type": null,
            "id": "AllowExecutionFromAPIGatewayCardTransactionPurchase",
            "principal": "apigateway.amazonaws.com",
            "principal_org_id": null,
            "qualifier": "",
            "region": "us-east-2",
            "source_account": null,
            "source_arn": "arn:aws:execute-api:us-east-2:308488080911:v5h6q897r2/*/POST/purchase",
            "statement_id": "AllowExecutionFromAPIGatewayCardTransactionPurchase",
            "statement_id_prefix": ""
          },
          "sensitive_attributes": [],
          "private": "bnVsbA==",
          "dependencies": [
            "aws_api_gateway_rest_api.CardTransactionPurchaseApi",
            "aws_iam_role.lambda_role",
            "aws_lambda_function.CardPurchaseLmb",
            "data.aws_iam_policy_document.assume_role",
            "null_resource.lambda_build_trigger"
          ]
        }
      ]
    },
    {
      "mode": "managed",
      "type": "aws_lambda_permission",
      "name": "ApiGwCardTransactionSave",
      "provider": "provider[\"registry.terraform.io/hashicorp/aws\"]",
      "instances": [
        {
          "schema_version": 0,
          "attributes": {
            "action": "lambda:InvokeFunction",
            "event_source_token": null,
            "function_name": "card-transaction-save-lambda",
            "function_url_auth_type": null,
            "id": "AllowExecutionFromAPIGatewayCardTransactionSave",
            "principal": "apigateway.amazonaws.com",
            "principal_org_id": null,
            "qualifier": "",
            "region": "us-east-2",
            "source_account": null,
            "source_arn": "arn:aws:execute-api:us-east-2:308488080911:a3iikkvakf/*/POST/save/{card_id}",
            "statement_id": "AllowExecutionFromAPIGatewayCardTransactionSave",
            "statement_id_prefix": ""
          },
          "sensitive_attributes": [],
          "private": "bnVsbA==",
          "dependencies": [
            "aws_api_gateway_rest_api.CardTransactionSaveApi",
            "aws_iam_role.lambda_role",
            "aws_lambda_function.CardTransactionSaveLmb",
            "data.aws_iam_policy_document.assume_role",
            "null_resource.lambda_build_trigger"
          ]
        }
      ]
    },
    {
      "mode": "managed",
      "type": "aws_lambda_permission",
      "name": "ApiGwGetCard",
      "provider": "provider[\"registry.terraform.io/hashicorp/aws\"]",
      "instances": [
        {
          "schema_version": 0,
          "attributes": {
            "action": "lambda:InvokeFunction",
            "event_source_token": null,
            "function_name": "get-card-lambda",
            "function_url_auth_type": null,
            "id": "AllowExecutionFromAPIGatewayGetCard",
            "principal": "apigateway.amazonaws.com",
            "principal_org_id": null,
            "qualifier": "",
            "region": "us-east-2",
            "source_account": null,
            "source_arn": "arn:aws:execute-api:us-east-2:308488080911:jo9pd89ssf/*/GET/profile/*",
            "statement_id": "AllowExecutionFromAPIGatewayGetCard",
            "statement_id_prefix": ""
          },
          "sensitive_attributes": [],
          "private": "bnVsbA==",
          "dependencies": [
            "aws_api_gateway_rest_api.GetCardApi",
            "aws_iam_role.lambda_role",
            "aws_lambda_function.GetCardLmb",
            "data.aws_iam_policy_document.assume_role",
            "null_resource.lambda_build_trigger"
          ]
        }
      ]
    },
    {
      "mode": "managed",
      "type": "aws_lambda_permission",
      "name": "allow_sqs",
      "provider": "provider[\"registry.terraform.io/hashicorp/aws\"]",
      "instances": [
        {
          "schema_version": 0,
          "attributes": {
            "action": "lambda:InvokeFunction",
            "event_source_token": null,
            "function_name": "create-card-request-lambda",
            "function_url_auth_type": null,
            "id": "AllowExecutionFromSQS",
            "principal": "sqs.amazonaws.com",
            "principal_org_id": null,
            "qualifier": "",
            "region": "us-east-2",
            "source_account": null,
            "source_arn": "arn:aws:sqs:us-east-2:308488080911:create-request-card-sqs",
            "statement_id": "AllowExecutionFromSQS",
            "statement_id_prefix": ""
          },
          "sensitive_attributes": [],
          "private": "bnVsbA==",
          "dependencies": [
            "aws_iam_role.lambda_role",
            "aws_lambda_function.CreateCardLmb",
            "aws_s3_bucket.transactions_reports",
            "aws_sqs_queue.card_dlq",
            "aws_sqs_queue.create_request_queue",
            "data.aws_iam_policy_document.assume_role",
            "null_resource.lambda_build_trigger"
          ]
        }
      ]
    },
    {
      "mode": "managed",
      "type": "aws_s3_bucket",
      "name": "transactions_reports",
      "provider": "provider[\"registry.terraform.io/hashicorp/aws\"]",
      "instances": [
        {
          "schema_version": 0,
          "attributes": {
            "acceleration_status": "",
            "acl": null,
            "arn": "arn:aws:s3:::inferno-bank-transactions-report-bucket",
            "bucket": "inferno-bank-transactions-report-bucket",
            "bucket_domain_name": "inferno-bank-transactions-report-bucket.s3.amazonaws.com",
            "bucket_prefix": "",
            "bucket_region": "us-east-2",
            "bucket_regional_domain_name": "inferno-bank-transactions-report-bucket.s3.us-east-2.amazonaws.com",
            "cors_rule": [],
            "force_destroy": false,
            "grant": [
              {
                "id": "0f75b50fb020ccd7d6e819a9b5fb491ec8dc482b162dca16c25da89a06b31703",
                "permissions": [
                  "FULL_CONTROL"
                ],
                "type": "CanonicalUser",
                "uri": ""
              }
            ],
            "hosted_zone_id": "Z2O1EMRO9K5GLX",
            "id": "inferno-bank-transactions-report-bucket",
            "lifecycle_rule": [],
            "logging": [],
            "object_lock_configuration": [],
            "object_lock_enabled": false,
            "policy": "",
            "region": "us-east-2",
            "replication_configuration": [],
            "request_payer": "BucketOwner",
            "server_side_encryption_configuration": [
              {
                "rule": [
                  {
                    "apply_server_side_encryption_by_default": [
                      {
                        "kms_master_key_id": "",
                        "sse_algorithm": "AES256"
                      }
                    ],
                    "bucket_key_enabled": false
                  }
                ]
              }
            ],
            "tags": {},
            "tags_all": {},
            "timeouts": null,
            "versioning": [
              {
                "enabled": false,
                "mfa_delete": false
              }
            ],
            "website": [],
            "website_domain": null,
            "website_endpoint": null
          },
          "sensitive_attributes": [],
          "private": "eyJlMmJmYjczMC1lY2FhLTExZTYtOGY4OC0zNDM2M2JjN2M0YzAiOnsiY3JlYXRlIjoxMjAwMDAwMDAwMDAwLCJkZWxldGUiOjM2MDAwMDAwMDAwMDAsInJlYWQiOjEyMDAwMDAwMDAwMDAsInVwZGF0ZSI6MTIwMDAwMDAwMDAwMH19"
        }
      ]
    },
    {
      "mode": "managed",
      "type": "aws_sqs_queue",
      "name": "card_dlq",
      "provider": "provider[\"registry.terraform.io/hashicorp/aws\"]",
      "instances": [
        {
          "schema_version": 0,
          "attributes": {
            "arn": "arn:aws:sqs:us-east-2:308488080911:error-create-request-card-sqs",
            "content_based_deduplication": false,
            "deduplication_scope": "",
            "delay_seconds": 0,
            "fifo_queue": false,
            "fifo_throughput_limit": "",
            "id": "https://sqs.us-east-2.amazonaws.com/308488080911/error-create-request-card-sqs",
            "kms_data_key_reuse_period_seconds": 300,
            "kms_master_key_id": "",
            "max_message_size": 262144,
            "message_retention_seconds": 1209600,
            "name": "error-create-request-card-sqs",
            "name_prefix": "",
            "policy": "",
            "receive_wait_time_seconds": 0,
            "redrive_allow_policy": "",
            "redrive_policy": "",
            "region": "us-east-2",
            "sqs_managed_sse_enabled": true,
            "tags": {},
            "tags_all": {},
            "timeouts": null,
            "url": "https://sqs.us-east-2.amazonaws.com/308488080911/error-create-request-card-sqs",
            "visibility_timeout_seconds": 30
          },
          "sensitive_attributes": [],
          "private": "eyJlMmJmYjczMC1lY2FhLTExZTYtOGY4OC0zNDM2M2JjN2M0YzAiOnsiY3JlYXRlIjoxODAwMDAwMDAwMDAsImRlbGV0ZSI6MTgwMDAwMDAwMDAwLCJ1cGRhdGUiOjE4MDAwMDAwMDAwMH19"
        }
      ]
    },
    {
      "mode": "managed",
      "type": "aws_sqs_queue",
      "name": "create_request_queue",
      "provider": "provider[\"registry.terraform.io/hashicorp/aws\"]",
      "instances": [
        {
          "schema_version": 0,
          "attributes": {
            "arn": "arn:aws:sqs:us-east-2:308488080911:create-request-card-sqs",
            "content_based_deduplication": false,
            "deduplication_scope": "",
            "delay_seconds": 0,
            "fifo_queue": false,
            "fifo_throughput_limit": "",
            "id": "https://sqs.us-east-2.amazonaws.com/308488080911/create-request-card-sqs",
            "kms_data_key_reuse_period_seconds": 300,
            "kms_master_key_id": "",
            "max_message_size": 262144,
            "message_retention_seconds": 345600,
            "name": "create-request-card-sqs",
            "name_prefix": "",
            "policy": "",
            "receive_wait_time_seconds": 0,
            "redrive_allow_policy": "",
            "redrive_policy": "{\"deadLetterTargetArn\":\"arn:aws:sqs:us-east-2:308488080911:error-create-request-card-sqs\",\"maxReceiveCount\":5}",
            "region": "us-east-2",
            "sqs_managed_sse_enabled": true,
            "tags": {},
            "tags_all": {},
            "timeouts": null,
            "url": "https://sqs.us-east-2.amazonaws.com/308488080911/create-request-card-sqs",
            "visibility_timeout_seconds": 100
          },
          "sensitive_attributes": [],
          "private": "eyJlMmJmYjczMC1lY2FhLTExZTYtOGY4OC0zNDM2M2JjN2M0YzAiOnsiY3JlYXRlIjoxODAwMDAwMDAwMDAsImRlbGV0ZSI6MTgwMDAwMDAwMDAwLCJ1cGRhdGUiOjE4MDAwMDAwMDAwMH19",
          "dependencies": [
            "aws_sqs_queue.card_dlq"
          ]
        }
      ]
    },
    {
      "mode": "managed",
      "type": "null_resource",
      "name": "lambda_build_trigger",
      "provider": "provider[\"registry.terraform.io/hashicorp/null\"]",
      "instances": [
        {
          "schema_version": 0,
          "attributes": {
            "id": "1842620727789117214",
            "triggers": {
              "build_number": "2025-10-13T21:49:30Z"
            }
          },
          "sensitive_attributes": []
        }
      ]
    }
  ],
  "check_results": null
}
